
Microsoft Visual Studio Solution File, Format Version 12.00
# Visual Studio 15
VisualStudioVersion = 15.0.27130.2027
MinimumVisualStudioVersion = 10.0.40219.1
Project("{FAE04EC0-301F-11D3-BF4B-00C04F79EFBC}") = "Missio.Android", "Missio\Missio.Android\Missio.Android.csproj", "{F8802880-468A-4CC1-BE77-3F666123639A}"
EndProject
Project("{9A19103F-16F7-4668-BE54-9A1E7A4F7556}") = "Missio", "Missio\Missio\Missio.csproj", "{6F9D2CEB-144A-40C2-AEC3-117CB8700BB3}"
EndProject
Project("{9A19103F-16F7-4668-BE54-9A1E7A4F7556}") = "Mission.ViewModel", "ViewModel\Mission.ViewModel.csproj", "{AC0051E6-880A-4717-B613-55390A3E76B7}"
EndProject
Project("{FAE04EC0-301F-11D3-BF4B-00C04F79EFBC}") = "Missio.Tests", "Missio.Tests\Missio.Tests.csproj", "{8C25431E-66AF-4B55-8169-D76461975667}"
EndProject
Project("{9A19103F-16F7-4668-BE54-9A1E7A4F7556}") = "StringResources", "StringResources\StringResources.csproj", "{BA270304-C3F4-42CB-9462-D1A961C38F18}"
EndProject
Project("{FAE04EC0-301F-11D3-BF4B-00C04F79EFBC}") = "Missio.iOS", "Missio.iOS\Missio.iOS.csproj", "{8BE173F7-BFA1-4D0F-8C0E-DE4416352709}"
EndProject
Project("{9A19103F-16F7-4668-BE54-9A1E7A4F7556}") = "Missio.Navigation", "Missio.Navigation\Missio.Navigation.csproj", "{1EF28F5B-A94A-483E-A621-C79BDD191BD2}"
EndProject
Project("{9A19103F-16F7-4668-BE54-9A1E7A4F7556}") = "Missio.LogIn", "Missio.LogIn\Missio.LogIn.csproj", "{4DD1EF16-36F3-443C-9116-6B980584BE04}"
EndProject
Project("{9A19103F-16F7-4668-BE54-9A1E7A4F7556}") = "Missio.Registration", "Missio.Registration\Missio.Registration.csproj", "{FE4F486E-DEF1-48EA-AFE6-573CB1437ECC}"
EndProject
Project("{9A19103F-16F7-4668-BE54-9A1E7A4F7556}") = "Missio.LocalDatabase", "Missio.LocalDatabase\Missio.LocalDatabase.csproj", "{86ED73DC-F6DA-4BAF-90AA-C230C6741E02}"
EndProject
Project("{9A19103F-16F7-4668-BE54-9A1E7A4F7556}") = "Missio.ExternalDatabase", "Missio.ExternalDatabase\Missio.ExternalDatabase.csproj", "{24468A3E-8D60-4524-81DB-6371705A117F}"
EndProject
Project("{9A19103F-16F7-4668-BE54-9A1E7A4F7556}") = "Missio.NewsFeed", "Missio.NewsFeed\Missio.NewsFeed.csproj", "{9DFCA398-6844-4CE5-A5FE-A9128F5A160D}"
EndProject
Project("{9A19103F-16F7-4668-BE54-9A1E7A4F7556}") = "Missio.User", "Missio.User\Missio.User.csproj", "{08617C3E-0528-45B0-BA48-884F637C6089}"
EndProject
Project("{9A19103F-16F7-4668-BE54-9A1E7A4F7556}") = "Missio.PostPublication", "PostPublication\Missio.PostPublication.csproj", "{763A6D7F-8590-4F3E-9D1A-2454C989DC69}"
EndProject
Project("{FAE04EC0-301F-11D3-BF4B-00C04F79EFBC}") = "Missio.NewsFeedTests", "NewsFeedTests\Missio.NewsFeedTests.csproj", "{C3438842-AC47-4598-BC0A-783D9C83D400}"
EndProject
Project("{FAE04EC0-301F-11D3-BF4B-00C04F79EFBC}") = "Missio.LocalDatabaseTests", "Missio.LocalDatabaseTests\Missio.LocalDatabaseTests.csproj", "{EC966532-71C4-4539-9D65-37E11F489585}"
EndProject
Project("{FAE04EC0-301F-11D3-BF4B-00C04F79EFBC}") = "Missio.LogInTests", "Missio.LogInTests\Missio.LogInTests.csproj", "{EAA96FC9-5D03-470B-BD97-52BFE7FDB5EE}"
EndProject
Project("{FAE04EC0-301F-11D3-BF4B-00C04F79EFBC}") = "Missio.UserTests", "Missio.UserTests\Missio.UserTests.csproj", "{A11608D8-0EEB-4036-89A1-47C1BC8F71FB}"
EndProject
Project("{FAE04EC0-301F-11D3-BF4B-00C04F79EFBC}") = "Missio.RegistrationTests", "Missio.RegistrationTests\Missio.RegistrationTests.csproj", "{E45E3EF2-050F-4DCF-B36A-7EB9B26DDBC7}"
EndProject
Project("{FAE04EC0-301F-11D3-BF4B-00C04F79EFBC}") = "Missio.PostPublicationTests", "Missio.PostPublicationTests\Missio.PostPublicationTests.csproj", "{D2919E32-BB21-4B58-9235-FE731184C25C}"
EndProject
Project("{FAE04EC0-301F-11D3-BF4B-00C04F79EFBC}") = "Missio.ExternalDatabaseTests", "Missio.ExternalDatabaseTests\Missio.ExternalDatabaseTests.csproj", "{D8254284-7AF7-42B8-92F8-6DD755C32BDF}"
EndProject
Global
	GlobalSection(SolutionConfigurationPlatforms) = preSolution
		Ad-Hoc|Any CPU = Ad-Hoc|Any CPU
		Ad-Hoc|iPhone = Ad-Hoc|iPhone
		Ad-Hoc|iPhoneSimulator = Ad-Hoc|iPhoneSimulator
		AppStore|Any CPU = AppStore|Any CPU
		AppStore|iPhone = AppStore|iPhone
		AppStore|iPhoneSimulator = AppStore|iPhoneSimulator
		Debug|Any CPU = Debug|Any CPU
		Debug|iPhone = Debug|iPhone
		Debug|iPhoneSimulator = Debug|iPhoneSimulator
		Release|Any CPU = Release|Any CPU
		Release|iPhone = Release|iPhone
		Release|iPhoneSimulator = Release|iPhoneSimulator
	EndGlobalSection
	GlobalSection(ProjectConfigurationPlatforms) = postSolution
		{F8802880-468A-4CC1-BE77-3F666123639A}.Ad-Hoc|Any CPU.ActiveCfg = Release|Any CPU
		{F8802880-468A-4CC1-BE77-3F666123639A}.Ad-Hoc|Any CPU.Build.0 = Release|Any CPU
		{F8802880-468A-4CC1-BE77-3F666123639A}.Ad-Hoc|Any CPU.Deploy.0 = Release|Any CPU
		{F8802880-468A-4CC1-BE77-3F666123639A}.Ad-Hoc|iPhone.ActiveCfg = Release|Any CPU
		{F8802880-468A-4CC1-BE77-3F666123639A}.Ad-Hoc|iPhone.Build.0 = Release|Any CPU
		{F8802880-468A-4CC1-BE77-3F666123639A}.Ad-Hoc|iPhone.Deploy.0 = Release|Any CPU
		{F8802880-468A-4CC1-BE77-3F666123639A}.Ad-Hoc|iPhoneSimulator.ActiveCfg = Release|Any CPU
		{F8802880-468A-4CC1-BE77-3F666123639A}.Ad-Hoc|iPhoneSimulator.Build.0 = Release|Any CPU
		{F8802880-468A-4CC1-BE77-3F666123639A}.Ad-Hoc|iPhoneSimulator.Deploy.0 = Release|Any CPU
		{F8802880-468A-4CC1-BE77-3F666123639A}.AppStore|Any CPU.ActiveCfg = Release|Any CPU
		{F8802880-468A-4CC1-BE77-3F666123639A}.AppStore|Any CPU.Build.0 = Release|Any CPU
		{F8802880-468A-4CC1-BE77-3F666123639A}.AppStore|Any CPU.Deploy.0 = Release|Any CPU
		{F8802880-468A-4CC1-BE77-3F666123639A}.AppStore|iPhone.ActiveCfg = Release|Any CPU
		{F8802880-468A-4CC1-BE77-3F666123639A}.AppStore|iPhone.Build.0 = Release|Any CPU
		{F8802880-468A-4CC1-BE77-3F666123639A}.AppStore|iPhone.Deploy.0 = Release|Any CPU
		{F8802880-468A-4CC1-BE77-3F666123639A}.AppStore|iPhoneSimulator.ActiveCfg = Release|Any CPU
		{F8802880-468A-4CC1-BE77-3F666123639A}.AppStore|iPhoneSimulator.Build.0 = Release|Any CPU
		{F8802880-468A-4CC1-BE77-3F666123639A}.AppStore|iPhoneSimulator.Deploy.0 = Release|Any CPU
		{F8802880-468A-4CC1-BE77-3F666123639A}.Debug|Any CPU.ActiveCfg = Debug|Any CPU
		{F8802880-468A-4CC1-BE77-3F666123639A}.Debug|Any CPU.Build.0 = Debug|Any CPU
		{F8802880-468A-4CC1-BE77-3F666123639A}.Debug|Any CPU.Deploy.0 = Debug|Any CPU
		{F8802880-468A-4CC1-BE77-3F666123639A}.Debug|iPhone.ActiveCfg = Debug|Any CPU
		{F8802880-468A-4CC1-BE77-3F666123639A}.Debug|iPhone.Build.0 = Debug|Any CPU
		{F8802880-468A-4CC1-BE77-3F666123639A}.Debug|iPhone.Deploy.0 = Debug|Any CPU
		{F8802880-468A-4CC1-BE77-3F666123639A}.Debug|iPhoneSimulator.ActiveCfg = Debug|Any CPU
		{F8802880-468A-4CC1-BE77-3F666123639A}.Debug|iPhoneSimulator.Build.0 = Debug|Any CPU
		{F8802880-468A-4CC1-BE77-3F666123639A}.Debug|iPhoneSimulator.Deploy.0 = Debug|Any CPU
		{F8802880-468A-4CC1-BE77-3F666123639A}.Release|Any CPU.ActiveCfg = Release|Any CPU
		{F8802880-468A-4CC1-BE77-3F666123639A}.Release|Any CPU.Build.0 = Release|Any CPU
		{F8802880-468A-4CC1-BE77-3F666123639A}.Release|Any CPU.Deploy.0 = Release|Any CPU
		{F8802880-468A-4CC1-BE77-3F666123639A}.Release|iPhone.ActiveCfg = Release|Any CPU
		{F8802880-468A-4CC1-BE77-3F666123639A}.Release|iPhone.Build.0 = Release|Any CPU
		{F8802880-468A-4CC1-BE77-3F666123639A}.Release|iPhone.Deploy.0 = Release|Any CPU
		{F8802880-468A-4CC1-BE77-3F666123639A}.Release|iPhoneSimulator.ActiveCfg = Release|Any CPU
		{F8802880-468A-4CC1-BE77-3F666123639A}.Release|iPhoneSimulator.Build.0 = Release|Any CPU
		{F8802880-468A-4CC1-BE77-3F666123639A}.Release|iPhoneSimulator.Deploy.0 = Release|Any CPU
		{6F9D2CEB-144A-40C2-AEC3-117CB8700BB3}.Ad-Hoc|Any CPU.ActiveCfg = Debug|Any CPU
		{6F9D2CEB-144A-40C2-AEC3-117CB8700BB3}.Ad-Hoc|Any CPU.Build.0 = Debug|Any CPU
		{6F9D2CEB-144A-40C2-AEC3-117CB8700BB3}.Ad-Hoc|iPhone.ActiveCfg = Debug|Any CPU
		{6F9D2CEB-144A-40C2-AEC3-117CB8700BB3}.Ad-Hoc|iPhone.Build.0 = Debug|Any CPU
		{6F9D2CEB-144A-40C2-AEC3-117CB8700BB3}.Ad-Hoc|iPhoneSimulator.ActiveCfg = Debug|Any CPU
		{6F9D2CEB-144A-40C2-AEC3-117CB8700BB3}.Ad-Hoc|iPhoneSimulator.Build.0 = Debug|Any CPU
		{6F9D2CEB-144A-40C2-AEC3-117CB8700BB3}.AppStore|Any CPU.ActiveCfg = Debug|Any CPU
		{6F9D2CEB-144A-40C2-AEC3-117CB8700BB3}.AppStore|Any CPU.Build.0 = Debug|Any CPU
		{6F9D2CEB-144A-40C2-AEC3-117CB8700BB3}.AppStore|iPhone.ActiveCfg = Debug|Any CPU
		{6F9D2CEB-144A-40C2-AEC3-117CB8700BB3}.AppStore|iPhone.Build.0 = Debug|Any CPU
		{6F9D2CEB-144A-40C2-AEC3-117CB8700BB3}.AppStore|iPhoneSimulator.ActiveCfg = Debug|Any CPU
		{6F9D2CEB-144A-40C2-AEC3-117CB8700BB3}.AppStore|iPhoneSimulator.Build.0 = Debug|Any CPU
		{6F9D2CEB-144A-40C2-AEC3-117CB8700BB3}.Debug|Any CPU.ActiveCfg = Debug|Any CPU
		{6F9D2CEB-144A-40C2-AEC3-117CB8700BB3}.Debug|Any CPU.Build.0 = Debug|Any CPU
		{6F9D2CEB-144A-40C2-AEC3-117CB8700BB3}.Debug|iPhone.ActiveCfg = Debug|Any CPU
		{6F9D2CEB-144A-40C2-AEC3-117CB8700BB3}.Debug|iPhone.Build.0 = Debug|Any CPU
		{6F9D2CEB-144A-40C2-AEC3-117CB8700BB3}.Debug|iPhoneSimulator.ActiveCfg = Debug|Any CPU
		{6F9D2CEB-144A-40C2-AEC3-117CB8700BB3}.Debug|iPhoneSimulator.Build.0 = Debug|Any CPU
		{6F9D2CEB-144A-40C2-AEC3-117CB8700BB3}.Release|Any CPU.ActiveCfg = Release|Any CPU
		{6F9D2CEB-144A-40C2-AEC3-117CB8700BB3}.Release|Any CPU.Build.0 = Release|Any CPU
		{6F9D2CEB-144A-40C2-AEC3-117CB8700BB3}.Release|iPhone.ActiveCfg = Release|Any CPU
		{6F9D2CEB-144A-40C2-AEC3-117CB8700BB3}.Release|iPhone.Build.0 = Release|Any CPU
		{6F9D2CEB-144A-40C2-AEC3-117CB8700BB3}.Release|iPhoneSimulator.ActiveCfg = Release|Any CPU
		{6F9D2CEB-144A-40C2-AEC3-117CB8700BB3}.Release|iPhoneSimulator.Build.0 = Release|Any CPU
		{AC0051E6-880A-4717-B613-55390A3E76B7}.Ad-Hoc|Any CPU.ActiveCfg = Debug|Any CPU
		{AC0051E6-880A-4717-B613-55390A3E76B7}.Ad-Hoc|Any CPU.Build.0 = Debug|Any CPU
		{AC0051E6-880A-4717-B613-55390A3E76B7}.Ad-Hoc|iPhone.ActiveCfg = Debug|Any CPU
		{AC0051E6-880A-4717-B613-55390A3E76B7}.Ad-Hoc|iPhone.Build.0 = Debug|Any CPU
		{AC0051E6-880A-4717-B613-55390A3E76B7}.Ad-Hoc|iPhoneSimulator.ActiveCfg = Debug|Any CPU
		{AC0051E6-880A-4717-B613-55390A3E76B7}.Ad-Hoc|iPhoneSimulator.Build.0 = Debug|Any CPU
		{AC0051E6-880A-4717-B613-55390A3E76B7}.AppStore|Any CPU.ActiveCfg = Debug|Any CPU
		{AC0051E6-880A-4717-B613-55390A3E76B7}.AppStore|Any CPU.Build.0 = Debug|Any CPU
		{AC0051E6-880A-4717-B613-55390A3E76B7}.AppStore|iPhone.ActiveCfg = Debug|Any CPU
		{AC0051E6-880A-4717-B613-55390A3E76B7}.AppStore|iPhone.Build.0 = Debug|Any CPU
		{AC0051E6-880A-4717-B613-55390A3E76B7}.AppStore|iPhoneSimulator.ActiveCfg = Debug|Any CPU
		{AC0051E6-880A-4717-B613-55390A3E76B7}.AppStore|iPhoneSimulator.Build.0 = Debug|Any CPU
		{AC0051E6-880A-4717-B613-55390A3E76B7}.Debug|Any CPU.ActiveCfg = Debug|Any CPU
		{AC0051E6-880A-4717-B613-55390A3E76B7}.Debug|Any CPU.Build.0 = Debug|Any CPU
		{AC0051E6-880A-4717-B613-55390A3E76B7}.Debug|iPhone.ActiveCfg = Debug|Any CPU
		{AC0051E6-880A-4717-B613-55390A3E76B7}.Debug|iPhone.Build.0 = Debug|Any CPU
		{AC0051E6-880A-4717-B613-55390A3E76B7}.Debug|iPhoneSimulator.ActiveCfg = Debug|Any CPU
		{AC0051E6-880A-4717-B613-55390A3E76B7}.Debug|iPhoneSimulator.Build.0 = Debug|Any CPU
		{AC0051E6-880A-4717-B613-55390A3E76B7}.Release|Any CPU.ActiveCfg = Release|Any CPU
		{AC0051E6-880A-4717-B613-55390A3E76B7}.Release|Any CPU.Build.0 = Release|Any CPU
		{AC0051E6-880A-4717-B613-55390A3E76B7}.Release|iPhone.ActiveCfg = Release|Any CPU
		{AC0051E6-880A-4717-B613-55390A3E76B7}.Release|iPhone.Build.0 = Release|Any CPU
		{AC0051E6-880A-4717-B613-55390A3E76B7}.Release|iPhoneSimulator.ActiveCfg = Release|Any CPU
		{AC0051E6-880A-4717-B613-55390A3E76B7}.Release|iPhoneSimulator.Build.0 = Release|Any CPU
		{8C25431E-66AF-4B55-8169-D76461975667}.Ad-Hoc|Any CPU.ActiveCfg = Release|Any CPU
		{8C25431E-66AF-4B55-8169-D76461975667}.Ad-Hoc|Any CPU.Build.0 = Release|Any CPU
		{8C25431E-66AF-4B55-8169-D76461975667}.Ad-Hoc|iPhone.ActiveCfg = Release|Any CPU
		{8C25431E-66AF-4B55-8169-D76461975667}.Ad-Hoc|iPhone.Build.0 = Release|Any CPU
		{8C25431E-66AF-4B55-8169-D76461975667}.Ad-Hoc|iPhoneSimulator.ActiveCfg = Release|Any CPU
		{8C25431E-66AF-4B55-8169-D76461975667}.Ad-Hoc|iPhoneSimulator.Build.0 = Release|Any CPU
		{8C25431E-66AF-4B55-8169-D76461975667}.AppStore|Any CPU.ActiveCfg = Release|Any CPU
		{8C25431E-66AF-4B55-8169-D76461975667}.AppStore|Any CPU.Build.0 = Release|Any CPU
		{8C25431E-66AF-4B55-8169-D76461975667}.AppStore|iPhone.ActiveCfg = Release|Any CPU
		{8C25431E-66AF-4B55-8169-D76461975667}.AppStore|iPhone.Build.0 = Release|Any CPU
		{8C25431E-66AF-4B55-8169-D76461975667}.AppStore|iPhoneSimulator.ActiveCfg = Release|Any CPU
		{8C25431E-66AF-4B55-8169-D76461975667}.AppStore|iPhoneSimulator.Build.0 = Release|Any CPU
		{8C25431E-66AF-4B55-8169-D76461975667}.Debug|Any CPU.ActiveCfg = Debug|Any CPU
		{8C25431E-66AF-4B55-8169-D76461975667}.Debug|Any CPU.Build.0 = Debug|Any CPU
		{8C25431E-66AF-4B55-8169-D76461975667}.Debug|iPhone.ActiveCfg = Debug|Any CPU
		{8C25431E-66AF-4B55-8169-D76461975667}.Debug|iPhone.Build.0 = Debug|Any CPU
		{8C25431E-66AF-4B55-8169-D76461975667}.Debug|iPhoneSimulator.ActiveCfg = Debug|Any CPU
		{8C25431E-66AF-4B55-8169-D76461975667}.Debug|iPhoneSimulator.Build.0 = Debug|Any CPU
		{8C25431E-66AF-4B55-8169-D76461975667}.Release|Any CPU.ActiveCfg = Release|Any CPU
		{8C25431E-66AF-4B55-8169-D76461975667}.Release|Any CPU.Build.0 = Release|Any CPU
		{8C25431E-66AF-4B55-8169-D76461975667}.Release|iPhone.ActiveCfg = Release|Any CPU
		{8C25431E-66AF-4B55-8169-D76461975667}.Release|iPhone.Build.0 = Release|Any CPU
		{8C25431E-66AF-4B55-8169-D76461975667}.Release|iPhoneSimulator.ActiveCfg = Release|Any CPU
		{8C25431E-66AF-4B55-8169-D76461975667}.Release|iPhoneSimulator.Build.0 = Release|Any CPU
		{BA270304-C3F4-42CB-9462-D1A961C38F18}.Ad-Hoc|Any CPU.ActiveCfg = Debug|Any CPU
		{BA270304-C3F4-42CB-9462-D1A961C38F18}.Ad-Hoc|Any CPU.Build.0 = Debug|Any CPU
		{BA270304-C3F4-42CB-9462-D1A961C38F18}.Ad-Hoc|iPhone.ActiveCfg = Debug|Any CPU
		{BA270304-C3F4-42CB-9462-D1A961C38F18}.Ad-Hoc|iPhone.Build.0 = Debug|Any CPU
		{BA270304-C3F4-42CB-9462-D1A961C38F18}.Ad-Hoc|iPhoneSimulator.ActiveCfg = Debug|Any CPU
		{BA270304-C3F4-42CB-9462-D1A961C38F18}.Ad-Hoc|iPhoneSimulator.Build.0 = Debug|Any CPU
		{BA270304-C3F4-42CB-9462-D1A961C38F18}.AppStore|Any CPU.ActiveCfg = Debug|Any CPU
		{BA270304-C3F4-42CB-9462-D1A961C38F18}.AppStore|Any CPU.Build.0 = Debug|Any CPU
		{BA270304-C3F4-42CB-9462-D1A961C38F18}.AppStore|iPhone.ActiveCfg = Debug|Any CPU
		{BA270304-C3F4-42CB-9462-D1A961C38F18}.AppStore|iPhone.Build.0 = Debug|Any CPU
		{BA270304-C3F4-42CB-9462-D1A961C38F18}.AppStore|iPhoneSimulator.ActiveCfg = Debug|Any CPU
		{BA270304-C3F4-42CB-9462-D1A961C38F18}.AppStore|iPhoneSimulator.Build.0 = Debug|Any CPU
		{BA270304-C3F4-42CB-9462-D1A961C38F18}.Debug|Any CPU.ActiveCfg = Debug|Any CPU
		{BA270304-C3F4-42CB-9462-D1A961C38F18}.Debug|Any CPU.Build.0 = Debug|Any CPU
		{BA270304-C3F4-42CB-9462-D1A961C38F18}.Debug|iPhone.ActiveCfg = Debug|Any CPU
		{BA270304-C3F4-42CB-9462-D1A961C38F18}.Debug|iPhone.Build.0 = Debug|Any CPU
		{BA270304-C3F4-42CB-9462-D1A961C38F18}.Debug|iPhoneSimulator.ActiveCfg = Debug|Any CPU
		{BA270304-C3F4-42CB-9462-D1A961C38F18}.Debug|iPhoneSimulator.Build.0 = Debug|Any CPU
		{BA270304-C3F4-42CB-9462-D1A961C38F18}.Release|Any CPU.ActiveCfg = Release|Any CPU
		{BA270304-C3F4-42CB-9462-D1A961C38F18}.Release|Any CPU.Build.0 = Release|Any CPU
		{BA270304-C3F4-42CB-9462-D1A961C38F18}.Release|iPhone.ActiveCfg = Release|Any CPU
		{BA270304-C3F4-42CB-9462-D1A961C38F18}.Release|iPhone.Build.0 = Release|Any CPU
		{BA270304-C3F4-42CB-9462-D1A961C38F18}.Release|iPhoneSimulator.ActiveCfg = Release|Any CPU
		{BA270304-C3F4-42CB-9462-D1A961C38F18}.Release|iPhoneSimulator.Build.0 = Release|Any CPU
		{8BE173F7-BFA1-4D0F-8C0E-DE4416352709}.Ad-Hoc|Any CPU.ActiveCfg = Release|iPhone
		{8BE173F7-BFA1-4D0F-8C0E-DE4416352709}.Ad-Hoc|Any CPU.Build.0 = Release|iPhone
		{8BE173F7-BFA1-4D0F-8C0E-DE4416352709}.Ad-Hoc|iPhone.ActiveCfg = Release|iPhone
		{8BE173F7-BFA1-4D0F-8C0E-DE4416352709}.Ad-Hoc|iPhone.Build.0 = Release|iPhone
		{8BE173F7-BFA1-4D0F-8C0E-DE4416352709}.Ad-Hoc|iPhoneSimulator.ActiveCfg = Release|iPhoneSimulator
		{8BE173F7-BFA1-4D0F-8C0E-DE4416352709}.Ad-Hoc|iPhoneSimulator.Build.0 = Release|iPhoneSimulator
		{8BE173F7-BFA1-4D0F-8C0E-DE4416352709}.AppStore|Any CPU.ActiveCfg = Release|iPhone
		{8BE173F7-BFA1-4D0F-8C0E-DE4416352709}.AppStore|Any CPU.Build.0 = Release|iPhone
		{8BE173F7-BFA1-4D0F-8C0E-DE4416352709}.AppStore|iPhone.ActiveCfg = Release|iPhone
		{8BE173F7-BFA1-4D0F-8C0E-DE4416352709}.AppStore|iPhone.Build.0 = Release|iPhone
		{8BE173F7-BFA1-4D0F-8C0E-DE4416352709}.AppStore|iPhoneSimulator.ActiveCfg = Release|iPhoneSimulator
		{8BE173F7-BFA1-4D0F-8C0E-DE4416352709}.AppStore|iPhoneSimulator.Build.0 = Release|iPhoneSimulator
		{8BE173F7-BFA1-4D0F-8C0E-DE4416352709}.Debug|Any CPU.ActiveCfg = Debug|iPhone
		{8BE173F7-BFA1-4D0F-8C0E-DE4416352709}.Debug|iPhone.ActiveCfg = Debug|iPhone
		{8BE173F7-BFA1-4D0F-8C0E-DE4416352709}.Debug|iPhone.Build.0 = Debug|iPhone
		{8BE173F7-BFA1-4D0F-8C0E-DE4416352709}.Debug|iPhoneSimulator.ActiveCfg = Debug|iPhoneSimulator
		{8BE173F7-BFA1-4D0F-8C0E-DE4416352709}.Debug|iPhoneSimulator.Build.0 = Debug|iPhoneSimulator
		{8BE173F7-BFA1-4D0F-8C0E-DE4416352709}.Release|Any CPU.ActiveCfg = Release|iPhone
		{8BE173F7-BFA1-4D0F-8C0E-DE4416352709}.Release|iPhone.ActiveCfg = Release|iPhone
		{8BE173F7-BFA1-4D0F-8C0E-DE4416352709}.Release|iPhone.Build.0 = Release|iPhone
		{8BE173F7-BFA1-4D0F-8C0E-DE4416352709}.Release|iPhoneSimulator.ActiveCfg = Release|iPhoneSimulator
		{8BE173F7-BFA1-4D0F-8C0E-DE4416352709}.Release|iPhoneSimulator.Build.0 = Release|iPhoneSimulator
		{1EF28F5B-A94A-483E-A621-C79BDD191BD2}.Ad-Hoc|Any CPU.ActiveCfg = Debug|Any CPU
		{1EF28F5B-A94A-483E-A621-C79BDD191BD2}.Ad-Hoc|Any CPU.Build.0 = Debug|Any CPU
		{1EF28F5B-A94A-483E-A621-C79BDD191BD2}.Ad-Hoc|iPhone.ActiveCfg = Debug|Any CPU
		{1EF28F5B-A94A-483E-A621-C79BDD191BD2}.Ad-Hoc|iPhone.Build.0 = Debug|Any CPU
		{1EF28F5B-A94A-483E-A621-C79BDD191BD2}.Ad-Hoc|iPhoneSimulator.ActiveCfg = Debug|Any CPU
		{1EF28F5B-A94A-483E-A621-C79BDD191BD2}.Ad-Hoc|iPhoneSimulator.Build.0 = Debug|Any CPU
		{1EF28F5B-A94A-483E-A621-C79BDD191BD2}.AppStore|Any CPU.ActiveCfg = Debug|Any CPU
		{1EF28F5B-A94A-483E-A621-C79BDD191BD2}.AppStore|Any CPU.Build.0 = Debug|Any CPU
		{1EF28F5B-A94A-483E-A621-C79BDD191BD2}.AppStore|iPhone.ActiveCfg = Debug|Any CPU
		{1EF28F5B-A94A-483E-A621-C79BDD191BD2}.AppStore|iPhone.Build.0 = Debug|Any CPU
		{1EF28F5B-A94A-483E-A621-C79BDD191BD2}.AppStore|iPhoneSimulator.ActiveCfg = Debug|Any CPU
		{1EF28F5B-A94A-483E-A621-C79BDD191BD2}.AppStore|iPhoneSimulator.Build.0 = Debug|Any CPU
		{1EF28F5B-A94A-483E-A621-C79BDD191BD2}.Debug|Any CPU.ActiveCfg = Debug|Any CPU
		{1EF28F5B-A94A-483E-A621-C79BDD191BD2}.Debug|Any CPU.Build.0 = Debug|Any CPU
		{1EF28F5B-A94A-483E-A621-C79BDD191BD2}.Debug|iPhone.ActiveCfg = Debug|Any CPU
		{1EF28F5B-A94A-483E-A621-C79BDD191BD2}.Debug|iPhone.Build.0 = Debug|Any CPU
		{1EF28F5B-A94A-483E-A621-C79BDD191BD2}.Debug|iPhoneSimulator.ActiveCfg = Debug|Any CPU
		{1EF28F5B-A94A-483E-A621-C79BDD191BD2}.Debug|iPhoneSimulator.Build.0 = Debug|Any CPU
		{1EF28F5B-A94A-483E-A621-C79BDD191BD2}.Release|Any CPU.ActiveCfg = Release|Any CPU
		{1EF28F5B-A94A-483E-A621-C79BDD191BD2}.Release|Any CPU.Build.0 = Release|Any CPU
		{1EF28F5B-A94A-483E-A621-C79BDD191BD2}.Release|iPhone.ActiveCfg = Release|Any CPU
		{1EF28F5B-A94A-483E-A621-C79BDD191BD2}.Release|iPhone.Build.0 = Release|Any CPU
		{1EF28F5B-A94A-483E-A621-C79BDD191BD2}.Release|iPhoneSimulator.ActiveCfg = Release|Any CPU
		{1EF28F5B-A94A-483E-A621-C79BDD191BD2}.Release|iPhoneSimulator.Build.0 = Release|Any CPU
		{4DD1EF16-36F3-443C-9116-6B980584BE04}.Ad-Hoc|Any CPU.ActiveCfg = Debug|Any CPU
		{4DD1EF16-36F3-443C-9116-6B980584BE04}.Ad-Hoc|Any CPU.Build.0 = Debug|Any CPU
		{4DD1EF16-36F3-443C-9116-6B980584BE04}.Ad-Hoc|iPhone.ActiveCfg = Debug|Any CPU
		{4DD1EF16-36F3-443C-9116-6B980584BE04}.Ad-Hoc|iPhone.Build.0 = Debug|Any CPU
		{4DD1EF16-36F3-443C-9116-6B980584BE04}.Ad-Hoc|iPhoneSimulator.ActiveCfg = Debug|Any CPU
		{4DD1EF16-36F3-443C-9116-6B980584BE04}.Ad-Hoc|iPhoneSimulator.Build.0 = Debug|Any CPU
		{4DD1EF16-36F3-443C-9116-6B980584BE04}.AppStore|Any CPU.ActiveCfg = Debug|Any CPU
		{4DD1EF16-36F3-443C-9116-6B980584BE04}.AppStore|Any CPU.Build.0 = Debug|Any CPU
		{4DD1EF16-36F3-443C-9116-6B980584BE04}.AppStore|iPhone.ActiveCfg = Debug|Any CPU
		{4DD1EF16-36F3-443C-9116-6B980584BE04}.AppStore|iPhone.Build.0 = Debug|Any CPU
		{4DD1EF16-36F3-443C-9116-6B980584BE04}.AppStore|iPhoneSimulator.ActiveCfg = Debug|Any CPU
		{4DD1EF16-36F3-443C-9116-6B980584BE04}.AppStore|iPhoneSimulator.Build.0 = Debug|Any CPU
		{4DD1EF16-36F3-443C-9116-6B980584BE04}.Debug|Any CPU.ActiveCfg = Debug|Any CPU
		{4DD1EF16-36F3-443C-9116-6B980584BE04}.Debug|Any CPU.Build.0 = Debug|Any CPU
		{4DD1EF16-36F3-443C-9116-6B980584BE04}.Debug|iPhone.ActiveCfg = Debug|Any CPU
		{4DD1EF16-36F3-443C-9116-6B980584BE04}.Debug|iPhone.Build.0 = Debug|Any CPU
		{4DD1EF16-36F3-443C-9116-6B980584BE04}.Debug|iPhoneSimulator.ActiveCfg = Debug|Any CPU
		{4DD1EF16-36F3-443C-9116-6B980584BE04}.Debug|iPhoneSimulator.Build.0 = Debug|Any CPU
		{4DD1EF16-36F3-443C-9116-6B980584BE04}.Release|Any CPU.ActiveCfg = Release|Any CPU
		{4DD1EF16-36F3-443C-9116-6B980584BE04}.Release|Any CPU.Build.0 = Release|Any CPU
		{4DD1EF16-36F3-443C-9116-6B980584BE04}.Release|iPhone.ActiveCfg = Release|Any CPU
		{4DD1EF16-36F3-443C-9116-6B980584BE04}.Release|iPhone.Build.0 = Release|Any CPU
		{4DD1EF16-36F3-443C-9116-6B980584BE04}.Release|iPhoneSimulator.ActiveCfg = Release|Any CPU
		{4DD1EF16-36F3-443C-9116-6B980584BE04}.Release|iPhoneSimulator.Build.0 = Release|Any CPU
		{FE4F486E-DEF1-48EA-AFE6-573CB1437ECC}.Ad-Hoc|Any CPU.ActiveCfg = Debug|Any CPU
		{FE4F486E-DEF1-48EA-AFE6-573CB1437ECC}.Ad-Hoc|Any CPU.Build.0 = Debug|Any CPU
		{FE4F486E-DEF1-48EA-AFE6-573CB1437ECC}.Ad-Hoc|iPhone.ActiveCfg = Debug|Any CPU
		{FE4F486E-DEF1-48EA-AFE6-573CB1437ECC}.Ad-Hoc|iPhone.Build.0 = Debug|Any CPU
		{FE4F486E-DEF1-48EA-AFE6-573CB1437ECC}.Ad-Hoc|iPhoneSimulator.ActiveCfg = Debug|Any CPU
		{FE4F486E-DEF1-48EA-AFE6-573CB1437ECC}.Ad-Hoc|iPhoneSimulator.Build.0 = Debug|Any CPU
		{FE4F486E-DEF1-48EA-AFE6-573CB1437ECC}.AppStore|Any CPU.ActiveCfg = Debug|Any CPU
		{FE4F486E-DEF1-48EA-AFE6-573CB1437ECC}.AppStore|Any CPU.Build.0 = Debug|Any CPU
		{FE4F486E-DEF1-48EA-AFE6-573CB1437ECC}.AppStore|iPhone.ActiveCfg = Debug|Any CPU
		{FE4F486E-DEF1-48EA-AFE6-573CB1437ECC}.AppStore|iPhone.Build.0 = Debug|Any CPU
		{FE4F486E-DEF1-48EA-AFE6-573CB1437ECC}.AppStore|iPhoneSimulator.ActiveCfg = Debug|Any CPU
		{FE4F486E-DEF1-48EA-AFE6-573CB1437ECC}.AppStore|iPhoneSimulator.Build.0 = Debug|Any CPU
		{FE4F486E-DEF1-48EA-AFE6-573CB1437ECC}.Debug|Any CPU.ActiveCfg = Debug|Any CPU
		{FE4F486E-DEF1-48EA-AFE6-573CB1437ECC}.Debug|Any CPU.Build.0 = Debug|Any CPU
		{FE4F486E-DEF1-48EA-AFE6-573CB1437ECC}.Debug|iPhone.ActiveCfg = Debug|Any CPU
		{FE4F486E-DEF1-48EA-AFE6-573CB1437ECC}.Debug|iPhone.Build.0 = Debug|Any CPU
		{FE4F486E-DEF1-48EA-AFE6-573CB1437ECC}.Debug|iPhoneSimulator.ActiveCfg = Debug|Any CPU
		{FE4F486E-DEF1-48EA-AFE6-573CB1437ECC}.Debug|iPhoneSimulator.Build.0 = Debug|Any CPU
		{FE4F486E-DEF1-48EA-AFE6-573CB1437ECC}.Release|Any CPU.ActiveCfg = Release|Any CPU
		{FE4F486E-DEF1-48EA-AFE6-573CB1437ECC}.Release|Any CPU.Build.0 = Release|Any CPU
		{FE4F486E-DEF1-48EA-AFE6-573CB1437ECC}.Release|iPhone.ActiveCfg = Release|Any CPU
		{FE4F486E-DEF1-48EA-AFE6-573CB1437ECC}.Release|iPhone.Build.0 = Release|Any CPU
		{FE4F486E-DEF1-48EA-AFE6-573CB1437ECC}.Release|iPhoneSimulator.ActiveCfg = Release|Any CPU
		{FE4F486E-DEF1-48EA-AFE6-573CB1437ECC}.Release|iPhoneSimulator.Build.0 = Release|Any CPU
		{86ED73DC-F6DA-4BAF-90AA-C230C6741E02}.Ad-Hoc|Any CPU.ActiveCfg = Debug|Any CPU
		{86ED73DC-F6DA-4BAF-90AA-C230C6741E02}.Ad-Hoc|Any CPU.Build.0 = Debug|Any CPU
		{86ED73DC-F6DA-4BAF-90AA-C230C6741E02}.Ad-Hoc|iPhone.ActiveCfg = Debug|Any CPU
		{86ED73DC-F6DA-4BAF-90AA-C230C6741E02}.Ad-Hoc|iPhone.Build.0 = Debug|Any CPU
		{86ED73DC-F6DA-4BAF-90AA-C230C6741E02}.Ad-Hoc|iPhoneSimulator.ActiveCfg = Debug|Any CPU
		{86ED73DC-F6DA-4BAF-90AA-C230C6741E02}.Ad-Hoc|iPhoneSimulator.Build.0 = Debug|Any CPU
		{86ED73DC-F6DA-4BAF-90AA-C230C6741E02}.AppStore|Any CPU.ActiveCfg = Debug|Any CPU
		{86ED73DC-F6DA-4BAF-90AA-C230C6741E02}.AppStore|Any CPU.Build.0 = Debug|Any CPU
		{86ED73DC-F6DA-4BAF-90AA-C230C6741E02}.AppStore|iPhone.ActiveCfg = Debug|Any CPU
		{86ED73DC-F6DA-4BAF-90AA-C230C6741E02}.AppStore|iPhone.Build.0 = Debug|Any CPU
		{86ED73DC-F6DA-4BAF-90AA-C230C6741E02}.AppStore|iPhoneSimulator.ActiveCfg = Debug|Any CPU
		{86ED73DC-F6DA-4BAF-90AA-C230C6741E02}.AppStore|iPhoneSimulator.Build.0 = Debug|Any CPU
		{86ED73DC-F6DA-4BAF-90AA-C230C6741E02}.Debug|Any CPU.ActiveCfg = Debug|Any CPU
		{86ED73DC-F6DA-4BAF-90AA-C230C6741E02}.Debug|Any CPU.Build.0 = Debug|Any CPU
		{86ED73DC-F6DA-4BAF-90AA-C230C6741E02}.Debug|iPhone.ActiveCfg = Debug|Any CPU
		{86ED73DC-F6DA-4BAF-90AA-C230C6741E02}.Debug|iPhone.Build.0 = Debug|Any CPU
		{86ED73DC-F6DA-4BAF-90AA-C230C6741E02}.Debug|iPhoneSimulator.ActiveCfg = Debug|Any CPU
		{86ED73DC-F6DA-4BAF-90AA-C230C6741E02}.Debug|iPhoneSimulator.Build.0 = Debug|Any CPU
		{86ED73DC-F6DA-4BAF-90AA-C230C6741E02}.Release|Any CPU.ActiveCfg = Release|Any CPU
		{86ED73DC-F6DA-4BAF-90AA-C230C6741E02}.Release|Any CPU.Build.0 = Release|Any CPU
		{86ED73DC-F6DA-4BAF-90AA-C230C6741E02}.Release|iPhone.ActiveCfg = Release|Any CPU
		{86ED73DC-F6DA-4BAF-90AA-C230C6741E02}.Release|iPhone.Build.0 = Release|Any CPU
		{86ED73DC-F6DA-4BAF-90AA-C230C6741E02}.Release|iPhoneSimulator.ActiveCfg = Release|Any CPU
		{86ED73DC-F6DA-4BAF-90AA-C230C6741E02}.Release|iPhoneSimulator.Build.0 = Release|Any CPU
		{24468A3E-8D60-4524-81DB-6371705A117F}.Ad-Hoc|Any CPU.ActiveCfg = Debug|Any CPU
		{24468A3E-8D60-4524-81DB-6371705A117F}.Ad-Hoc|Any CPU.Build.0 = Debug|Any CPU
		{24468A3E-8D60-4524-81DB-6371705A117F}.Ad-Hoc|iPhone.ActiveCfg = Debug|Any CPU
		{24468A3E-8D60-4524-81DB-6371705A117F}.Ad-Hoc|iPhone.Build.0 = Debug|Any CPU
		{24468A3E-8D60-4524-81DB-6371705A117F}.Ad-Hoc|iPhoneSimulator.ActiveCfg = Debug|Any CPU
		{24468A3E-8D60-4524-81DB-6371705A117F}.Ad-Hoc|iPhoneSimulator.Build.0 = Debug|Any CPU
		{24468A3E-8D60-4524-81DB-6371705A117F}.AppStore|Any CPU.ActiveCfg = Debug|Any CPU
		{24468A3E-8D60-4524-81DB-6371705A117F}.AppStore|Any CPU.Build.0 = Debug|Any CPU
		{24468A3E-8D60-4524-81DB-6371705A117F}.AppStore|iPhone.ActiveCfg = Debug|Any CPU
		{24468A3E-8D60-4524-81DB-6371705A117F}.AppStore|iPhone.Build.0 = Debug|Any CPU
		{24468A3E-8D60-4524-81DB-6371705A117F}.AppStore|iPhoneSimulator.ActiveCfg = Debug|Any CPU
		{24468A3E-8D60-4524-81DB-6371705A117F}.AppStore|iPhoneSimulator.Build.0 = Debug|Any CPU
		{24468A3E-8D60-4524-81DB-6371705A117F}.Debug|Any CPU.ActiveCfg = Debug|Any CPU
		{24468A3E-8D60-4524-81DB-6371705A117F}.Debug|Any CPU.Build.0 = Debug|Any CPU
		{24468A3E-8D60-4524-81DB-6371705A117F}.Debug|iPhone.ActiveCfg = Debug|Any CPU
		{24468A3E-8D60-4524-81DB-6371705A117F}.Debug|iPhone.Build.0 = Debug|Any CPU
		{24468A3E-8D60-4524-81DB-6371705A117F}.Debug|iPhoneSimulator.ActiveCfg = Debug|Any CPU
		{24468A3E-8D60-4524-81DB-6371705A117F}.Debug|iPhoneSimulator.Build.0 = Debug|Any CPU
		{24468A3E-8D60-4524-81DB-6371705A117F}.Release|Any CPU.ActiveCfg = Release|Any CPU
		{24468A3E-8D60-4524-81DB-6371705A117F}.Release|Any CPU.Build.0 = Release|Any CPU
		{24468A3E-8D60-4524-81DB-6371705A117F}.Release|iPhone.ActiveCfg = Release|Any CPU
		{24468A3E-8D60-4524-81DB-6371705A117F}.Release|iPhone.Build.0 = Release|Any CPU
		{24468A3E-8D60-4524-81DB-6371705A117F}.Release|iPhoneSimulator.ActiveCfg = Release|Any CPU
		{24468A3E-8D60-4524-81DB-6371705A117F}.Release|iPhoneSimulator.Build.0 = Release|Any CPU
		{9DFCA398-6844-4CE5-A5FE-A9128F5A160D}.Ad-Hoc|Any CPU.ActiveCfg = Debug|Any CPU
		{9DFCA398-6844-4CE5-A5FE-A9128F5A160D}.Ad-Hoc|Any CPU.Build.0 = Debug|Any CPU
		{9DFCA398-6844-4CE5-A5FE-A9128F5A160D}.Ad-Hoc|iPhone.ActiveCfg = Debug|Any CPU
		{9DFCA398-6844-4CE5-A5FE-A9128F5A160D}.Ad-Hoc|iPhone.Build.0 = Debug|Any CPU
		{9DFCA398-6844-4CE5-A5FE-A9128F5A160D}.Ad-Hoc|iPhoneSimulator.ActiveCfg = Debug|Any CPU
		{9DFCA398-6844-4CE5-A5FE-A9128F5A160D}.Ad-Hoc|iPhoneSimulator.Build.0 = Debug|Any CPU
		{9DFCA398-6844-4CE5-A5FE-A9128F5A160D}.AppStore|Any CPU.ActiveCfg = Debug|Any CPU
		{9DFCA398-6844-4CE5-A5FE-A9128F5A160D}.AppStore|Any CPU.Build.0 = Debug|Any CPU
		{9DFCA398-6844-4CE5-A5FE-A9128F5A160D}.AppStore|iPhone.ActiveCfg = Debug|Any CPU
		{9DFCA398-6844-4CE5-A5FE-A9128F5A160D}.AppStore|iPhone.Build.0 = Debug|Any CPU
		{9DFCA398-6844-4CE5-A5FE-A9128F5A160D}.AppStore|iPhoneSimulator.ActiveCfg = Debug|Any CPU
		{9DFCA398-6844-4CE5-A5FE-A9128F5A160D}.AppStore|iPhoneSimulator.Build.0 = Debug|Any CPU
		{9DFCA398-6844-4CE5-A5FE-A9128F5A160D}.Debug|Any CPU.ActiveCfg = Debug|Any CPU
		{9DFCA398-6844-4CE5-A5FE-A9128F5A160D}.Debug|Any CPU.Build.0 = Debug|Any CPU
		{9DFCA398-6844-4CE5-A5FE-A9128F5A160D}.Debug|iPhone.ActiveCfg = Debug|Any CPU
		{9DFCA398-6844-4CE5-A5FE-A9128F5A160D}.Debug|iPhone.Build.0 = Debug|Any CPU
		{9DFCA398-6844-4CE5-A5FE-A9128F5A160D}.Debug|iPhoneSimulator.ActiveCfg = Debug|Any CPU
		{9DFCA398-6844-4CE5-A5FE-A9128F5A160D}.Debug|iPhoneSimulator.Build.0 = Debug|Any CPU
		{9DFCA398-6844-4CE5-A5FE-A9128F5A160D}.Release|Any CPU.ActiveCfg = Release|Any CPU
		{9DFCA398-6844-4CE5-A5FE-A9128F5A160D}.Release|Any CPU.Build.0 = Release|Any CPU
		{9DFCA398-6844-4CE5-A5FE-A9128F5A160D}.Release|iPhone.ActiveCfg = Release|Any CPU
		{9DFCA398-6844-4CE5-A5FE-A9128F5A160D}.Release|iPhone.Build.0 = Release|Any CPU
		{9DFCA398-6844-4CE5-A5FE-A9128F5A160D}.Release|iPhoneSimulator.ActiveCfg = Release|Any CPU
		{9DFCA398-6844-4CE5-A5FE-A9128F5A160D}.Release|iPhoneSimulator.Build.0 = Release|Any CPU
		{08617C3E-0528-45B0-BA48-884F637C6089}.Ad-Hoc|Any CPU.ActiveCfg = Debug|Any CPU
		{08617C3E-0528-45B0-BA48-884F637C6089}.Ad-Hoc|Any CPU.Build.0 = Debug|Any CPU
		{08617C3E-0528-45B0-BA48-884F637C6089}.Ad-Hoc|iPhone.ActiveCfg = Debug|Any CPU
		{08617C3E-0528-45B0-BA48-884F637C6089}.Ad-Hoc|iPhone.Build.0 = Debug|Any CPU
		{08617C3E-0528-45B0-BA48-884F637C6089}.Ad-Hoc|iPhoneSimulator.ActiveCfg = Debug|Any CPU
		{08617C3E-0528-45B0-BA48-884F637C6089}.Ad-Hoc|iPhoneSimulator.Build.0 = Debug|Any CPU
		{08617C3E-0528-45B0-BA48-884F637C6089}.AppStore|Any CPU.ActiveCfg = Debug|Any CPU
		{08617C3E-0528-45B0-BA48-884F637C6089}.AppStore|Any CPU.Build.0 = Debug|Any CPU
		{08617C3E-0528-45B0-BA48-884F637C6089}.AppStore|iPhone.ActiveCfg = Debug|Any CPU
		{08617C3E-0528-45B0-BA48-884F637C6089}.AppStore|iPhone.Build.0 = Debug|Any CPU
		{08617C3E-0528-45B0-BA48-884F637C6089}.AppStore|iPhoneSimulator.ActiveCfg = Debug|Any CPU
		{08617C3E-0528-45B0-BA48-884F637C6089}.AppStore|iPhoneSimulator.Build.0 = Debug|Any CPU
		{08617C3E-0528-45B0-BA48-884F637C6089}.Debug|Any CPU.ActiveCfg = Debug|Any CPU
		{08617C3E-0528-45B0-BA48-884F637C6089}.Debug|Any CPU.Build.0 = Debug|Any CPU
		{08617C3E-0528-45B0-BA48-884F637C6089}.Debug|iPhone.ActiveCfg = Debug|Any CPU
		{08617C3E-0528-45B0-BA48-884F637C6089}.Debug|iPhone.Build.0 = Debug|Any CPU
		{08617C3E-0528-45B0-BA48-884F637C6089}.Debug|iPhoneSimulator.ActiveCfg = Debug|Any CPU
		{08617C3E-0528-45B0-BA48-884F637C6089}.Debug|iPhoneSimulator.Build.0 = Debug|Any CPU
		{08617C3E-0528-45B0-BA48-884F637C6089}.Release|Any CPU.ActiveCfg = Release|Any CPU
		{08617C3E-0528-45B0-BA48-884F637C6089}.Release|Any CPU.Build.0 = Release|Any CPU
		{08617C3E-0528-45B0-BA48-884F637C6089}.Release|iPhone.ActiveCfg = Release|Any CPU
		{08617C3E-0528-45B0-BA48-884F637C6089}.Release|iPhone.Build.0 = Release|Any CPU
		{08617C3E-0528-45B0-BA48-884F637C6089}.Release|iPhoneSimulator.ActiveCfg = Release|Any CPU
		{08617C3E-0528-45B0-BA48-884F637C6089}.Release|iPhoneSimulator.Build.0 = Release|Any CPU
		{763A6D7F-8590-4F3E-9D1A-2454C989DC69}.Ad-Hoc|Any CPU.ActiveCfg = Debug|Any CPU
		{763A6D7F-8590-4F3E-9D1A-2454C989DC69}.Ad-Hoc|Any CPU.Build.0 = Debug|Any CPU
		{763A6D7F-8590-4F3E-9D1A-2454C989DC69}.Ad-Hoc|iPhone.ActiveCfg = Debug|Any CPU
		{763A6D7F-8590-4F3E-9D1A-2454C989DC69}.Ad-Hoc|iPhone.Build.0 = Debug|Any CPU
		{763A6D7F-8590-4F3E-9D1A-2454C989DC69}.Ad-Hoc|iPhoneSimulator.ActiveCfg = Debug|Any CPU
		{763A6D7F-8590-4F3E-9D1A-2454C989DC69}.Ad-Hoc|iPhoneSimulator.Build.0 = Debug|Any CPU
		{763A6D7F-8590-4F3E-9D1A-2454C989DC69}.AppStore|Any CPU.ActiveCfg = Debug|Any CPU
		{763A6D7F-8590-4F3E-9D1A-2454C989DC69}.AppStore|Any CPU.Build.0 = Debug|Any CPU
		{763A6D7F-8590-4F3E-9D1A-2454C989DC69}.AppStore|iPhone.ActiveCfg = Debug|Any CPU
		{763A6D7F-8590-4F3E-9D1A-2454C989DC69}.AppStore|iPhone.Build.0 = Debug|Any CPU
		{763A6D7F-8590-4F3E-9D1A-2454C989DC69}.AppStore|iPhoneSimulator.ActiveCfg = Debug|Any CPU
		{763A6D7F-8590-4F3E-9D1A-2454C989DC69}.AppStore|iPhoneSimulator.Build.0 = Debug|Any CPU
		{763A6D7F-8590-4F3E-9D1A-2454C989DC69}.Debug|Any CPU.ActiveCfg = Debug|Any CPU
		{763A6D7F-8590-4F3E-9D1A-2454C989DC69}.Debug|Any CPU.Build.0 = Debug|Any CPU
		{763A6D7F-8590-4F3E-9D1A-2454C989DC69}.Debug|iPhone.ActiveCfg = Debug|Any CPU
		{763A6D7F-8590-4F3E-9D1A-2454C989DC69}.Debug|iPhone.Build.0 = Debug|Any CPU
		{763A6D7F-8590-4F3E-9D1A-2454C989DC69}.Debug|iPhoneSimulator.ActiveCfg = Debug|Any CPU
		{763A6D7F-8590-4F3E-9D1A-2454C989DC69}.Debug|iPhoneSimulator.Build.0 = Debug|Any CPU
		{763A6D7F-8590-4F3E-9D1A-2454C989DC69}.Release|Any CPU.ActiveCfg = Release|Any CPU
		{763A6D7F-8590-4F3E-9D1A-2454C989DC69}.Release|Any CPU.Build.0 = Release|Any CPU
		{763A6D7F-8590-4F3E-9D1A-2454C989DC69}.Release|iPhone.ActiveCfg = Release|Any CPU
		{763A6D7F-8590-4F3E-9D1A-2454C989DC69}.Release|iPhone.Build.0 = Release|Any CPU
		{763A6D7F-8590-4F3E-9D1A-2454C989DC69}.Release|iPhoneSimulator.ActiveCfg = Release|Any CPU
		{763A6D7F-8590-4F3E-9D1A-2454C989DC69}.Release|iPhoneSimulator.Build.0 = Release|Any CPU
		{C3438842-AC47-4598-BC0A-783D9C83D400}.Ad-Hoc|Any CPU.ActiveCfg = Debug|Any CPU
		{C3438842-AC47-4598-BC0A-783D9C83D400}.Ad-Hoc|Any CPU.Build.0 = Debug|Any CPU
		{C3438842-AC47-4598-BC0A-783D9C83D400}.Ad-Hoc|iPhone.ActiveCfg = Debug|Any CPU
		{C3438842-AC47-4598-BC0A-783D9C83D400}.Ad-Hoc|iPhone.Build.0 = Debug|Any CPU
		{C3438842-AC47-4598-BC0A-783D9C83D400}.Ad-Hoc|iPhoneSimulator.ActiveCfg = Debug|Any CPU
		{C3438842-AC47-4598-BC0A-783D9C83D400}.Ad-Hoc|iPhoneSimulator.Build.0 = Debug|Any CPU
		{C3438842-AC47-4598-BC0A-783D9C83D400}.AppStore|Any CPU.ActiveCfg = Debug|Any CPU
		{C3438842-AC47-4598-BC0A-783D9C83D400}.AppStore|Any CPU.Build.0 = Debug|Any CPU
		{C3438842-AC47-4598-BC0A-783D9C83D400}.AppStore|iPhone.ActiveCfg = Debug|Any CPU
		{C3438842-AC47-4598-BC0A-783D9C83D400}.AppStore|iPhone.Build.0 = Debug|Any CPU
		{C3438842-AC47-4598-BC0A-783D9C83D400}.AppStore|iPhoneSimulator.ActiveCfg = Debug|Any CPU
		{C3438842-AC47-4598-BC0A-783D9C83D400}.AppStore|iPhoneSimulator.Build.0 = Debug|Any CPU
		{C3438842-AC47-4598-BC0A-783D9C83D400}.Debug|Any CPU.ActiveCfg = Debug|Any CPU
		{C3438842-AC47-4598-BC0A-783D9C83D400}.Debug|Any CPU.Build.0 = Debug|Any CPU
		{C3438842-AC47-4598-BC0A-783D9C83D400}.Debug|iPhone.ActiveCfg = Debug|Any CPU
		{C3438842-AC47-4598-BC0A-783D9C83D400}.Debug|iPhone.Build.0 = Debug|Any CPU
		{C3438842-AC47-4598-BC0A-783D9C83D400}.Debug|iPhoneSimulator.ActiveCfg = Debug|Any CPU
		{C3438842-AC47-4598-BC0A-783D9C83D400}.Debug|iPhoneSimulator.Build.0 = Debug|Any CPU
		{C3438842-AC47-4598-BC0A-783D9C83D400}.Release|Any CPU.ActiveCfg = Release|Any CPU
		{C3438842-AC47-4598-BC0A-783D9C83D400}.Release|Any CPU.Build.0 = Release|Any CPU
		{C3438842-AC47-4598-BC0A-783D9C83D400}.Release|iPhone.ActiveCfg = Release|Any CPU
		{C3438842-AC47-4598-BC0A-783D9C83D400}.Release|iPhone.Build.0 = Release|Any CPU
		{C3438842-AC47-4598-BC0A-783D9C83D400}.Release|iPhoneSimulator.ActiveCfg = Release|Any CPU
		{C3438842-AC47-4598-BC0A-783D9C83D400}.Release|iPhoneSimulator.Build.0 = Release|Any CPU
		{EC966532-71C4-4539-9D65-37E11F489585}.Ad-Hoc|Any CPU.ActiveCfg = Debug|Any CPU
		{EC966532-71C4-4539-9D65-37E11F489585}.Ad-Hoc|Any CPU.Build.0 = Debug|Any CPU
		{EC966532-71C4-4539-9D65-37E11F489585}.Ad-Hoc|iPhone.ActiveCfg = Debug|Any CPU
		{EC966532-71C4-4539-9D65-37E11F489585}.Ad-Hoc|iPhone.Build.0 = Debug|Any CPU
		{EC966532-71C4-4539-9D65-37E11F489585}.Ad-Hoc|iPhoneSimulator.ActiveCfg = Debug|Any CPU
		{EC966532-71C4-4539-9D65-37E11F489585}.Ad-Hoc|iPhoneSimulator.Build.0 = Debug|Any CPU
		{EC966532-71C4-4539-9D65-37E11F489585}.AppStore|Any CPU.ActiveCfg = Debug|Any CPU
		{EC966532-71C4-4539-9D65-37E11F489585}.AppStore|Any CPU.Build.0 = Debug|Any CPU
		{EC966532-71C4-4539-9D65-37E11F489585}.AppStore|iPhone.ActiveCfg = Debug|Any CPU
		{EC966532-71C4-4539-9D65-37E11F489585}.AppStore|iPhone.Build.0 = Debug|Any CPU
		{EC966532-71C4-4539-9D65-37E11F489585}.AppStore|iPhoneSimulator.ActiveCfg = Debug|Any CPU
		{EC966532-71C4-4539-9D65-37E11F489585}.AppStore|iPhoneSimulator.Build.0 = Debug|Any CPU
		{EC966532-71C4-4539-9D65-37E11F489585}.Debug|Any CPU.ActiveCfg = Debug|Any CPU
		{EC966532-71C4-4539-9D65-37E11F489585}.Debug|Any CPU.Build.0 = Debug|Any CPU
		{EC966532-71C4-4539-9D65-37E11F489585}.Debug|iPhone.ActiveCfg = Debug|Any CPU
		{EC966532-71C4-4539-9D65-37E11F489585}.Debug|iPhone.Build.0 = Debug|Any CPU
		{EC966532-71C4-4539-9D65-37E11F489585}.Debug|iPhoneSimulator.ActiveCfg = Debug|Any CPU
		{EC966532-71C4-4539-9D65-37E11F489585}.Debug|iPhoneSimulator.Build.0 = Debug|Any CPU
		{EC966532-71C4-4539-9D65-37E11F489585}.Release|Any CPU.ActiveCfg = Release|Any CPU
		{EC966532-71C4-4539-9D65-37E11F489585}.Release|Any CPU.Build.0 = Release|Any CPU
		{EC966532-71C4-4539-9D65-37E11F489585}.Release|iPhone.ActiveCfg = Release|Any CPU
		{EC966532-71C4-4539-9D65-37E11F489585}.Release|iPhone.Build.0 = Release|Any CPU
		{EC966532-71C4-4539-9D65-37E11F489585}.Release|iPhoneSimulator.ActiveCfg = Release|Any CPU
		{EC966532-71C4-4539-9D65-37E11F489585}.Release|iPhoneSimulator.Build.0 = Release|Any CPU
		{EAA96FC9-5D03-470B-BD97-52BFE7FDB5EE}.Ad-Hoc|Any CPU.ActiveCfg = Debug|Any CPU
		{EAA96FC9-5D03-470B-BD97-52BFE7FDB5EE}.Ad-Hoc|Any CPU.Build.0 = Debug|Any CPU
		{EAA96FC9-5D03-470B-BD97-52BFE7FDB5EE}.Ad-Hoc|iPhone.ActiveCfg = Debug|Any CPU
		{EAA96FC9-5D03-470B-BD97-52BFE7FDB5EE}.Ad-Hoc|iPhone.Build.0 = Debug|Any CPU
		{EAA96FC9-5D03-470B-BD97-52BFE7FDB5EE}.Ad-Hoc|iPhoneSimulator.ActiveCfg = Debug|Any CPU
		{EAA96FC9-5D03-470B-BD97-52BFE7FDB5EE}.Ad-Hoc|iPhoneSimulator.Build.0 = Debug|Any CPU
		{EAA96FC9-5D03-470B-BD97-52BFE7FDB5EE}.AppStore|Any CPU.ActiveCfg = Debug|Any CPU
		{EAA96FC9-5D03-470B-BD97-52BFE7FDB5EE}.AppStore|Any CPU.Build.0 = Debug|Any CPU
		{EAA96FC9-5D03-470B-BD97-52BFE7FDB5EE}.AppStore|iPhone.ActiveCfg = Debug|Any CPU
		{EAA96FC9-5D03-470B-BD97-52BFE7FDB5EE}.AppStore|iPhone.Build.0 = Debug|Any CPU
		{EAA96FC9-5D03-470B-BD97-52BFE7FDB5EE}.AppStore|iPhoneSimulator.ActiveCfg = Debug|Any CPU
		{EAA96FC9-5D03-470B-BD97-52BFE7FDB5EE}.AppStore|iPhoneSimulator.Build.0 = Debug|Any CPU
		{EAA96FC9-5D03-470B-BD97-52BFE7FDB5EE}.Debug|Any CPU.ActiveCfg = Debug|Any CPU
		{EAA96FC9-5D03-470B-BD97-52BFE7FDB5EE}.Debug|Any CPU.Build.0 = Debug|Any CPU
		{EAA96FC9-5D03-470B-BD97-52BFE7FDB5EE}.Debug|iPhone.ActiveCfg = Debug|Any CPU
		{EAA96FC9-5D03-470B-BD97-52BFE7FDB5EE}.Debug|iPhone.Build.0 = Debug|Any CPU
		{EAA96FC9-5D03-470B-BD97-52BFE7FDB5EE}.Debug|iPhoneSimulator.ActiveCfg = Debug|Any CPU
		{EAA96FC9-5D03-470B-BD97-52BFE7FDB5EE}.Debug|iPhoneSimulator.Build.0 = Debug|Any CPU
		{EAA96FC9-5D03-470B-BD97-52BFE7FDB5EE}.Release|Any CPU.ActiveCfg = Release|Any CPU
		{EAA96FC9-5D03-470B-BD97-52BFE7FDB5EE}.Release|Any CPU.Build.0 = Release|Any CPU
		{EAA96FC9-5D03-470B-BD97-52BFE7FDB5EE}.Release|iPhone.ActiveCfg = Release|Any CPU
		{EAA96FC9-5D03-470B-BD97-52BFE7FDB5EE}.Release|iPhone.Build.0 = Release|Any CPU
		{EAA96FC9-5D03-470B-BD97-52BFE7FDB5EE}.Release|iPhoneSimulator.ActiveCfg = Release|Any CPU
		{EAA96FC9-5D03-470B-BD97-52BFE7FDB5EE}.Release|iPhoneSimulator.Build.0 = Release|Any CPU
		{A11608D8-0EEB-4036-89A1-47C1BC8F71FB}.Ad-Hoc|Any CPU.ActiveCfg = Debug|Any CPU
		{A11608D8-0EEB-4036-89A1-47C1BC8F71FB}.Ad-Hoc|Any CPU.Build.0 = Debug|Any CPU
		{A11608D8-0EEB-4036-89A1-47C1BC8F71FB}.Ad-Hoc|iPhone.ActiveCfg = Debug|Any CPU
		{A11608D8-0EEB-4036-89A1-47C1BC8F71FB}.Ad-Hoc|iPhone.Build.0 = Debug|Any CPU
		{A11608D8-0EEB-4036-89A1-47C1BC8F71FB}.Ad-Hoc|iPhoneSimulator.ActiveCfg = Debug|Any CPU
		{A11608D8-0EEB-4036-89A1-47C1BC8F71FB}.Ad-Hoc|iPhoneSimulator.Build.0 = Debug|Any CPU
		{A11608D8-0EEB-4036-89A1-47C1BC8F71FB}.AppStore|Any CPU.ActiveCfg = Debug|Any CPU
		{A11608D8-0EEB-4036-89A1-47C1BC8F71FB}.AppStore|Any CPU.Build.0 = Debug|Any CPU
		{A11608D8-0EEB-4036-89A1-47C1BC8F71FB}.AppStore|iPhone.ActiveCfg = Debug|Any CPU
		{A11608D8-0EEB-4036-89A1-47C1BC8F71FB}.AppStore|iPhone.Build.0 = Debug|Any CPU
		{A11608D8-0EEB-4036-89A1-47C1BC8F71FB}.AppStore|iPhoneSimulator.ActiveCfg = Debug|Any CPU
		{A11608D8-0EEB-4036-89A1-47C1BC8F71FB}.AppStore|iPhoneSimulator.Build.0 = Debug|Any CPU
		{A11608D8-0EEB-4036-89A1-47C1BC8F71FB}.Debug|Any CPU.ActiveCfg = Debug|Any CPU
		{A11608D8-0EEB-4036-89A1-47C1BC8F71FB}.Debug|Any CPU.Build.0 = Debug|Any CPU
		{A11608D8-0EEB-4036-89A1-47C1BC8F71FB}.Debug|iPhone.ActiveCfg = Debug|Any CPU
		{A11608D8-0EEB-4036-89A1-47C1BC8F71FB}.Debug|iPhone.Build.0 = Debug|Any CPU
		{A11608D8-0EEB-4036-89A1-47C1BC8F71FB}.Debug|iPhoneSimulator.ActiveCfg = Debug|Any CPU
		{A11608D8-0EEB-4036-89A1-47C1BC8F71FB}.Debug|iPhoneSimulator.Build.0 = Debug|Any CPU
		{A11608D8-0EEB-4036-89A1-47C1BC8F71FB}.Release|Any CPU.ActiveCfg = Release|Any CPU
		{A11608D8-0EEB-4036-89A1-47C1BC8F71FB}.Release|Any CPU.Build.0 = Release|Any CPU
		{A11608D8-0EEB-4036-89A1-47C1BC8F71FB}.Release|iPhone.ActiveCfg = Release|Any CPU
		{A11608D8-0EEB-4036-89A1-47C1BC8F71FB}.Release|iPhone.Build.0 = Release|Any CPU
		{A11608D8-0EEB-4036-89A1-47C1BC8F71FB}.Release|iPhoneSimulator.ActiveCfg = Release|Any CPU
		{A11608D8-0EEB-4036-89A1-47C1BC8F71FB}.Release|iPhoneSimulator.Build.0 = Release|Any CPU
		{E45E3EF2-050F-4DCF-B36A-7EB9B26DDBC7}.Ad-Hoc|Any CPU.ActiveCfg = Debug|Any CPU
		{E45E3EF2-050F-4DCF-B36A-7EB9B26DDBC7}.Ad-Hoc|Any CPU.Build.0 = Debug|Any CPU
		{E45E3EF2-050F-4DCF-B36A-7EB9B26DDBC7}.Ad-Hoc|iPhone.ActiveCfg = Debug|Any CPU
		{E45E3EF2-050F-4DCF-B36A-7EB9B26DDBC7}.Ad-Hoc|iPhone.Build.0 = Debug|Any CPU
		{E45E3EF2-050F-4DCF-B36A-7EB9B26DDBC7}.Ad-Hoc|iPhoneSimulator.ActiveCfg = Debug|Any CPU
		{E45E3EF2-050F-4DCF-B36A-7EB9B26DDBC7}.Ad-Hoc|iPhoneSimulator.Build.0 = Debug|Any CPU
		{E45E3EF2-050F-4DCF-B36A-7EB9B26DDBC7}.AppStore|Any CPU.ActiveCfg = Debug|Any CPU
		{E45E3EF2-050F-4DCF-B36A-7EB9B26DDBC7}.AppStore|Any CPU.Build.0 = Debug|Any CPU
		{E45E3EF2-050F-4DCF-B36A-7EB9B26DDBC7}.AppStore|iPhone.ActiveCfg = Debug|Any CPU
		{E45E3EF2-050F-4DCF-B36A-7EB9B26DDBC7}.AppStore|iPhone.Build.0 = Debug|Any CPU
		{E45E3EF2-050F-4DCF-B36A-7EB9B26DDBC7}.AppStore|iPhoneSimulator.ActiveCfg = Debug|Any CPU
		{E45E3EF2-050F-4DCF-B36A-7EB9B26DDBC7}.AppStore|iPhoneSimulator.Build.0 = Debug|Any CPU
		{E45E3EF2-050F-4DCF-B36A-7EB9B26DDBC7}.Debug|Any CPU.ActiveCfg = Debug|Any CPU
		{E45E3EF2-050F-4DCF-B36A-7EB9B26DDBC7}.Debug|Any CPU.Build.0 = Debug|Any CPU
		{E45E3EF2-050F-4DCF-B36A-7EB9B26DDBC7}.Debug|iPhone.ActiveCfg = Debug|Any CPU
		{E45E3EF2-050F-4DCF-B36A-7EB9B26DDBC7}.Debug|iPhone.Build.0 = Debug|Any CPU
		{E45E3EF2-050F-4DCF-B36A-7EB9B26DDBC7}.Debug|iPhoneSimulator.ActiveCfg = Debug|Any CPU
		{E45E3EF2-050F-4DCF-B36A-7EB9B26DDBC7}.Debug|iPhoneSimulator.Build.0 = Debug|Any CPU
		{E45E3EF2-050F-4DCF-B36A-7EB9B26DDBC7}.Release|Any CPU.ActiveCfg = Release|Any CPU
		{E45E3EF2-050F-4DCF-B36A-7EB9B26DDBC7}.Release|Any CPU.Build.0 = Release|Any CPU
		{E45E3EF2-050F-4DCF-B36A-7EB9B26DDBC7}.Release|iPhone.ActiveCfg = Release|Any CPU
		{E45E3EF2-050F-4DCF-B36A-7EB9B26DDBC7}.Release|iPhone.Build.0 = Release|Any CPU
		{E45E3EF2-050F-4DCF-B36A-7EB9B26DDBC7}.Release|iPhoneSimulator.ActiveCfg = Release|Any CPU
		{E45E3EF2-050F-4DCF-B36A-7EB9B26DDBC7}.Release|iPhoneSimulator.Build.0 = Release|Any CPU
		{D2919E32-BB21-4B58-9235-FE731184C25C}.Ad-Hoc|Any CPU.ActiveCfg = Debug|Any CPU
		{D2919E32-BB21-4B58-9235-FE731184C25C}.Ad-Hoc|Any CPU.Build.0 = Debug|Any CPU
		{D2919E32-BB21-4B58-9235-FE731184C25C}.Ad-Hoc|iPhone.ActiveCfg = Debug|Any CPU
		{D2919E32-BB21-4B58-9235-FE731184C25C}.Ad-Hoc|iPhone.Build.0 = Debug|Any CPU
		{D2919E32-BB21-4B58-9235-FE731184C25C}.Ad-Hoc|iPhoneSimulator.ActiveCfg = Debug|Any CPU
		{D2919E32-BB21-4B58-9235-FE731184C25C}.Ad-Hoc|iPhoneSimulator.Build.0 = Debug|Any CPU
		{D2919E32-BB21-4B58-9235-FE731184C25C}.AppStore|Any CPU.ActiveCfg = Debug|Any CPU
		{D2919E32-BB21-4B58-9235-FE731184C25C}.AppStore|Any CPU.Build.0 = Debug|Any CPU
		{D2919E32-BB21-4B58-9235-FE731184C25C}.AppStore|iPhone.ActiveCfg = Debug|Any CPU
		{D2919E32-BB21-4B58-9235-FE731184C25C}.AppStore|iPhone.Build.0 = Debug|Any CPU
		{D2919E32-BB21-4B58-9235-FE731184C25C}.AppStore|iPhoneSimulator.ActiveCfg = Debug|Any CPU
		{D2919E32-BB21-4B58-9235-FE731184C25C}.AppStore|iPhoneSimulator.Build.0 = Debug|Any CPU
		{D2919E32-BB21-4B58-9235-FE731184C25C}.Debug|Any CPU.ActiveCfg = Debug|Any CPU
		{D2919E32-BB21-4B58-9235-FE731184C25C}.Debug|Any CPU.Build.0 = Debug|Any CPU
		{D2919E32-BB21-4B58-9235-FE731184C25C}.Debug|iPhone.ActiveCfg = Debug|Any CPU
		{D2919E32-BB21-4B58-9235-FE731184C25C}.Debug|iPhone.Build.0 = Debug|Any CPU
		{D2919E32-BB21-4B58-9235-FE731184C25C}.Debug|iPhoneSimulator.ActiveCfg = Debug|Any CPU
		{D2919E32-BB21-4B58-9235-FE731184C25C}.Debug|iPhoneSimulator.Build.0 = Debug|Any CPU
		{D2919E32-BB21-4B58-9235-FE731184C25C}.Release|Any CPU.ActiveCfg = Release|Any CPU
		{D2919E32-BB21-4B58-9235-FE731184C25C}.Release|Any CPU.Build.0 = Release|Any CPU
		{D2919E32-BB21-4B58-9235-FE731184C25C}.Release|iPhone.ActiveCfg = Release|Any CPU
		{D2919E32-BB21-4B58-9235-FE731184C25C}.Release|iPhone.Build.0 = Release|Any CPU
		{D2919E32-BB21-4B58-9235-FE731184C25C}.Release|iPhoneSimulator.ActiveCfg = Release|Any CPU
		{D2919E32-BB21-4B58-9235-FE731184C25C}.Release|iPhoneSimulator.Build.0 = Release|Any CPU
		{D8254284-7AF7-42B8-92F8-6DD755C32BDF}.Ad-Hoc|Any CPU.ActiveCfg = Debug|Any CPU
		{D8254284-7AF7-42B8-92F8-6DD755C32BDF}.Ad-Hoc|Any CPU.Build.0 = Debug|Any CPU
		{D8254284-7AF7-42B8-92F8-6DD755C32BDF}.Ad-Hoc|iPhone.ActiveCfg = Debug|Any CPU
		{D8254284-7AF7-42B8-92F8-6DD755C32BDF}.Ad-Hoc|iPhone.Build.0 = Debug|Any CPU
		{D8254284-7AF7-42B8-92F8-6DD755C32BDF}.Ad-Hoc|iPhoneSimulator.ActiveCfg = Debug|Any CPU
		{D8254284-7AF7-42B8-92F8-6DD755C32BDF}.Ad-Hoc|iPhoneSimulator.Build.0 = Debug|Any CPU
		{D8254284-7AF7-42B8-92F8-6DD755C32BDF}.AppStore|Any CPU.ActiveCfg = Debug|Any CPU
		{D8254284-7AF7-42B8-92F8-6DD755C32BDF}.AppStore|Any CPU.Build.0 = Debug|Any CPU
		{D8254284-7AF7-42B8-92F8-6DD755C32BDF}.AppStore|iPhone.ActiveCfg = Debug|Any CPU
		{D8254284-7AF7-42B8-92F8-6DD755C32BDF}.AppStore|iPhone.Build.0 = Debug|Any CPU
		{D8254284-7AF7-42B8-92F8-6DD755C32BDF}.AppStore|iPhoneSimulator.ActiveCfg = Debug|Any CPU
		{D8254284-7AF7-42B8-92F8-6DD755C32BDF}.AppStore|iPhoneSimulator.Build.0 = Debug|Any CPU
		{D8254284-7AF7-42B8-92F8-6DD755C32BDF}.Debug|Any CPU.ActiveCfg = Debug|Any CPU
		{D8254284-7AF7-42B8-92F8-6DD755C32BDF}.Debug|Any CPU.Build.0 = Debug|Any CPU
		{D8254284-7AF7-42B8-92F8-6DD755C32BDF}.Debug|iPhone.ActiveCfg = Debug|Any CPU
		{D8254284-7AF7-42B8-92F8-6DD755C32BDF}.Debug|iPhone.Build.0 = Debug|Any CPU
		{D8254284-7AF7-42B8-92F8-6DD755C32BDF}.Debug|iPhoneSimulator.ActiveCfg = Debug|Any CPU
		{D8254284-7AF7-42B8-92F8-6DD755C32BDF}.Debug|iPhoneSimulator.Build.0 = Debug|Any CPU
		{D8254284-7AF7-42B8-92F8-6DD755C32BDF}.Release|Any CPU.ActiveCfg = Release|Any CPU
		{D8254284-7AF7-42B8-92F8-6DD755C32BDF}.Release|Any CPU.Build.0 = Release|Any CPU
		{D8254284-7AF7-42B8-92F8-6DD755C32BDF}.Release|iPhone.ActiveCfg = Release|Any CPU
		{D8254284-7AF7-42B8-92F8-6DD755C32BDF}.Release|iPhone.Build.0 = Release|Any CPU
		{D8254284-7AF7-42B8-92F8-6DD755C32BDF}.Release|iPhoneSimulator.ActiveCfg = Release|Any CPU
		{D8254284-7AF7-42B8-92F8-6DD755C32BDF}.Release|iPhoneSimulator.Build.0 = Release|Any CPU
	EndGlobalSection
	GlobalSection(SolutionProperties) = preSolution
		HideSolutionNode = FALSE
	EndGlobalSection
	GlobalSection(ExtensibilityGlobals) = postSolution
		SolutionGuid = {0F5AAEE4-DC17-498E-A80C-28EAC7CD1F53}
	EndGlobalSection
EndGlobal
