
Microsoft Visual Studio Solution File, Format Version 12.00
# Visual Studio 15
VisualStudioVersion = 15.0.27130.2027
MinimumVisualStudioVersion = 10.0.40219.1
Project("{FAE04EC0-301F-11D3-BF4B-00C04F79EFBC}") = "Missio.Android", "Missio\Missio.Android\Missio.Android.csproj", "{F8802880-468A-4CC1-BE77-3F666123639A}"
EndProject
Project("{9A19103F-16F7-4668-BE54-9A1E7A4F7556}") = "Missio", "Missio\Missio\Missio.csproj", "{6F9D2CEB-144A-40C2-AEC3-117CB8700BB3}"
EndProject
Project("{FAE04EC0-301F-11D3-BF4B-00C04F79EFBC}") = "Missio.Tests", "Missio.Tests\Missio.Tests.csproj", "{8C25431E-66AF-4B55-8169-D76461975667}"
EndProject
Project("{FAE04EC0-301F-11D3-BF4B-00C04F79EFBC}") = "Missio.iOS", "Missio.iOS\Missio.iOS.csproj", "{8BE173F7-BFA1-4D0F-8C0E-DE4416352709}"
EndProject
Project("{9A19103F-16F7-4668-BE54-9A1E7A4F7556}") = "Missio.Navigation", "Missio.Navigation\Missio.Navigation.csproj", "{1EF28F5B-A94A-483E-A621-C79BDD191BD2}"
EndProject
Project("{9A19103F-16F7-4668-BE54-9A1E7A4F7556}") = "Missio.ApplicationResources", "Missio.ApplicationResources\Missio.ApplicationResources.csproj", "{E10E47D5-60A0-4083-98A6-B6F58B1DDF28}"
EndProject
Project("{9A19103F-16F7-4668-BE54-9A1E7A4F7556}") = "Missio.CustomRenderers", "Missio.CustomRenderers\Missio.CustomRenderers.csproj", "{A49CDB37-CAB1-4246-8F79-0CC30356FC2C}"
EndProject
Project("{9A19103F-16F7-4668-BE54-9A1E7A4F7556}") = "MissioServer", "MissioServer\MissioServer.csproj", "{B98232F5-7B8D-4677-96D6-F8A3377A60C0}"
EndProject
Project("{9A19103F-16F7-4668-BE54-9A1E7A4F7556}") = "MissioServer.Tests", "MissioServer.Tests\MissioServer.Tests.csproj", "{5BE5E4E0-2EA4-4C80-ACFF-BD674CF76F76}"
EndProject
Project("{9A19103F-16F7-4668-BE54-9A1E7A4F7556}") = "ViewModels", "ViewModels\ViewModels.csproj", "{B95D5103-4FBC-4C12-9A22-863AC69509F9}"
EndProject
Project("{9A19103F-16F7-4668-BE54-9A1E7A4F7556}") = "Domain", "Domain\Domain.csproj", "{E837367A-4071-471A-8B38-AB1FD719EAB5}"
EndProject
Project("{9A19103F-16F7-4668-BE54-9A1E7A4F7556}") = "ViewModelTests", "ViewModelTests\ViewModelTests.csproj", "{D26A61E8-EB4E-4C40-9523-9EA0091CE504}"
EndProject
Project("{9A19103F-16F7-4668-BE54-9A1E7A4F7556}") = "DomainTests", "DomainTests\DomainTests.csproj", "{79102C0B-69FB-4452-9BE8-D824FC1D67BE}"
EndProject
Global
	GlobalSection(SolutionConfigurationPlatforms) = preSolution
		Ad-Hoc|Any CPU = Ad-Hoc|Any CPU
		Ad-Hoc|iPhone = Ad-Hoc|iPhone
		Ad-Hoc|iPhoneSimulator = Ad-Hoc|iPhoneSimulator
		AppStore|Any CPU = AppStore|Any CPU
		AppStore|iPhone = AppStore|iPhone
		AppStore|iPhoneSimulator = AppStore|iPhoneSimulator
		Debug|Any CPU = Debug|Any CPU
		Debug|iPhone = Debug|iPhone
		Debug|iPhoneSimulator = Debug|iPhoneSimulator
		Gorilla|Any CPU = Gorilla|Any CPU
		Gorilla|iPhone = Gorilla|iPhone
		Gorilla|iPhoneSimulator = Gorilla|iPhoneSimulator
		Release|Any CPU = Release|Any CPU
		Release|iPhone = Release|iPhone
		Release|iPhoneSimulator = Release|iPhoneSimulator
		GORILLA|iPhoneSimulator = GORILLA|iPhoneSimulator
	EndGlobalSection
	GlobalSection(ProjectConfigurationPlatforms) = postSolution
		{F8802880-468A-4CC1-BE77-3F666123639A}.Ad-Hoc|Any CPU.ActiveCfg = Release|Any CPU
		{F8802880-468A-4CC1-BE77-3F666123639A}.Ad-Hoc|Any CPU.Build.0 = Release|Any CPU
		{F8802880-468A-4CC1-BE77-3F666123639A}.Ad-Hoc|Any CPU.Deploy.0 = Release|Any CPU
		{F8802880-468A-4CC1-BE77-3F666123639A}.Ad-Hoc|iPhone.ActiveCfg = Release|Any CPU
		{F8802880-468A-4CC1-BE77-3F666123639A}.Ad-Hoc|iPhone.Build.0 = Release|Any CPU
		{F8802880-468A-4CC1-BE77-3F666123639A}.Ad-Hoc|iPhone.Deploy.0 = Release|Any CPU
		{F8802880-468A-4CC1-BE77-3F666123639A}.Ad-Hoc|iPhoneSimulator.ActiveCfg = Release|Any CPU
		{F8802880-468A-4CC1-BE77-3F666123639A}.Ad-Hoc|iPhoneSimulator.Build.0 = Release|Any CPU
		{F8802880-468A-4CC1-BE77-3F666123639A}.Ad-Hoc|iPhoneSimulator.Deploy.0 = Release|Any CPU
		{F8802880-468A-4CC1-BE77-3F666123639A}.AppStore|Any CPU.ActiveCfg = Release|Any CPU
		{F8802880-468A-4CC1-BE77-3F666123639A}.AppStore|Any CPU.Build.0 = Release|Any CPU
		{F8802880-468A-4CC1-BE77-3F666123639A}.AppStore|Any CPU.Deploy.0 = Release|Any CPU
		{F8802880-468A-4CC1-BE77-3F666123639A}.AppStore|iPhone.ActiveCfg = Release|Any CPU
		{F8802880-468A-4CC1-BE77-3F666123639A}.AppStore|iPhone.Build.0 = Release|Any CPU
		{F8802880-468A-4CC1-BE77-3F666123639A}.AppStore|iPhone.Deploy.0 = Release|Any CPU
		{F8802880-468A-4CC1-BE77-3F666123639A}.AppStore|iPhoneSimulator.ActiveCfg = Release|Any CPU
		{F8802880-468A-4CC1-BE77-3F666123639A}.AppStore|iPhoneSimulator.Build.0 = Release|Any CPU
		{F8802880-468A-4CC1-BE77-3F666123639A}.AppStore|iPhoneSimulator.Deploy.0 = Release|Any CPU
		{F8802880-468A-4CC1-BE77-3F666123639A}.Debug|Any CPU.ActiveCfg = Debug|Any CPU
		{F8802880-468A-4CC1-BE77-3F666123639A}.Debug|Any CPU.Build.0 = Debug|Any CPU
		{F8802880-468A-4CC1-BE77-3F666123639A}.Debug|Any CPU.Deploy.0 = Debug|Any CPU
		{F8802880-468A-4CC1-BE77-3F666123639A}.Debug|iPhone.ActiveCfg = Debug|Any CPU
		{F8802880-468A-4CC1-BE77-3F666123639A}.Debug|iPhone.Build.0 = Debug|Any CPU
		{F8802880-468A-4CC1-BE77-3F666123639A}.Debug|iPhone.Deploy.0 = Debug|Any CPU
		{F8802880-468A-4CC1-BE77-3F666123639A}.Debug|iPhoneSimulator.ActiveCfg = Debug|Any CPU
		{F8802880-468A-4CC1-BE77-3F666123639A}.Debug|iPhoneSimulator.Build.0 = Debug|Any CPU
		{F8802880-468A-4CC1-BE77-3F666123639A}.Debug|iPhoneSimulator.Deploy.0 = Debug|Any CPU
		{F8802880-468A-4CC1-BE77-3F666123639A}.Gorilla|Any CPU.ActiveCfg = Gorilla|Any CPU
		{F8802880-468A-4CC1-BE77-3F666123639A}.Gorilla|Any CPU.Build.0 = Gorilla|Any CPU
		{F8802880-468A-4CC1-BE77-3F666123639A}.Gorilla|Any CPU.Deploy.0 = Gorilla|Any CPU
		{F8802880-468A-4CC1-BE77-3F666123639A}.Release|Any CPU.ActiveCfg = Release|Any CPU
		{F8802880-468A-4CC1-BE77-3F666123639A}.Release|Any CPU.Build.0 = Release|Any CPU
		{F8802880-468A-4CC1-BE77-3F666123639A}.Release|Any CPU.Deploy.0 = Release|Any CPU
		{F8802880-468A-4CC1-BE77-3F666123639A}.Release|iPhone.ActiveCfg = Release|Any CPU
		{F8802880-468A-4CC1-BE77-3F666123639A}.Release|iPhone.Build.0 = Release|Any CPU
		{F8802880-468A-4CC1-BE77-3F666123639A}.Release|iPhone.Deploy.0 = Release|Any CPU
		{F8802880-468A-4CC1-BE77-3F666123639A}.Release|iPhoneSimulator.ActiveCfg = Release|Any CPU
		{F8802880-468A-4CC1-BE77-3F666123639A}.Release|iPhoneSimulator.Build.0 = Release|Any CPU
		{F8802880-468A-4CC1-BE77-3F666123639A}.Release|iPhoneSimulator.Deploy.0 = Release|Any CPU
		{F8802880-468A-4CC1-BE77-3F666123639A}.Gorilla|iPhoneSimulator.ActiveCfg = Gorilla|iPhoneSimulator
		{F8802880-468A-4CC1-BE77-3F666123639A}.Gorilla|iPhoneSimulator.Build.0 = Gorilla|iPhoneSimulator
		{F8802880-468A-4CC1-BE77-3F666123639A}.Gorilla|iPhoneSimulator.Deploy.0 = Gorilla|iPhoneSimulator
		{6F9D2CEB-144A-40C2-AEC3-117CB8700BB3}.Ad-Hoc|Any CPU.ActiveCfg = Debug|Any CPU
		{6F9D2CEB-144A-40C2-AEC3-117CB8700BB3}.Ad-Hoc|Any CPU.Build.0 = Debug|Any CPU
		{6F9D2CEB-144A-40C2-AEC3-117CB8700BB3}.Ad-Hoc|iPhone.ActiveCfg = Debug|Any CPU
		{6F9D2CEB-144A-40C2-AEC3-117CB8700BB3}.Ad-Hoc|iPhone.Build.0 = Debug|Any CPU
		{6F9D2CEB-144A-40C2-AEC3-117CB8700BB3}.Ad-Hoc|iPhoneSimulator.ActiveCfg = Debug|Any CPU
		{6F9D2CEB-144A-40C2-AEC3-117CB8700BB3}.Ad-Hoc|iPhoneSimulator.Build.0 = Debug|Any CPU
		{6F9D2CEB-144A-40C2-AEC3-117CB8700BB3}.AppStore|Any CPU.ActiveCfg = Debug|Any CPU
		{6F9D2CEB-144A-40C2-AEC3-117CB8700BB3}.AppStore|Any CPU.Build.0 = Debug|Any CPU
		{6F9D2CEB-144A-40C2-AEC3-117CB8700BB3}.AppStore|iPhone.ActiveCfg = Debug|Any CPU
		{6F9D2CEB-144A-40C2-AEC3-117CB8700BB3}.AppStore|iPhone.Build.0 = Debug|Any CPU
		{6F9D2CEB-144A-40C2-AEC3-117CB8700BB3}.AppStore|iPhoneSimulator.ActiveCfg = Debug|Any CPU
		{6F9D2CEB-144A-40C2-AEC3-117CB8700BB3}.AppStore|iPhoneSimulator.Build.0 = Debug|Any CPU
		{6F9D2CEB-144A-40C2-AEC3-117CB8700BB3}.Debug|Any CPU.ActiveCfg = Debug|Any CPU
		{6F9D2CEB-144A-40C2-AEC3-117CB8700BB3}.Debug|Any CPU.Build.0 = Debug|Any CPU
		{6F9D2CEB-144A-40C2-AEC3-117CB8700BB3}.Debug|iPhone.ActiveCfg = Debug|Any CPU
		{6F9D2CEB-144A-40C2-AEC3-117CB8700BB3}.Debug|iPhone.Build.0 = Debug|Any CPU
		{6F9D2CEB-144A-40C2-AEC3-117CB8700BB3}.Debug|iPhoneSimulator.ActiveCfg = Debug|Any CPU
		{6F9D2CEB-144A-40C2-AEC3-117CB8700BB3}.Debug|iPhoneSimulator.Build.0 = Debug|Any CPU
		{6F9D2CEB-144A-40C2-AEC3-117CB8700BB3}.Gorilla|Any CPU.ActiveCfg = Gorilla|Any CPU
		{6F9D2CEB-144A-40C2-AEC3-117CB8700BB3}.Gorilla|Any CPU.Build.0 = Gorilla|Any CPU
		{6F9D2CEB-144A-40C2-AEC3-117CB8700BB3}.Release|Any CPU.ActiveCfg = Release|Any CPU
		{6F9D2CEB-144A-40C2-AEC3-117CB8700BB3}.Release|Any CPU.Build.0 = Release|Any CPU
		{6F9D2CEB-144A-40C2-AEC3-117CB8700BB3}.Release|iPhone.ActiveCfg = Release|Any CPU
		{6F9D2CEB-144A-40C2-AEC3-117CB8700BB3}.Release|iPhone.Build.0 = Release|Any CPU
		{6F9D2CEB-144A-40C2-AEC3-117CB8700BB3}.Release|iPhoneSimulator.ActiveCfg = Release|Any CPU
		{6F9D2CEB-144A-40C2-AEC3-117CB8700BB3}.Release|iPhoneSimulator.Build.0 = Release|Any CPU
		{6F9D2CEB-144A-40C2-AEC3-117CB8700BB3}.Gorilla|iPhoneSimulator.ActiveCfg = Gorilla|iPhoneSimulator
		{6F9D2CEB-144A-40C2-AEC3-117CB8700BB3}.Gorilla|iPhoneSimulator.Build.0 = Gorilla|iPhoneSimulator
		{8C25431E-66AF-4B55-8169-D76461975667}.Ad-Hoc|Any CPU.ActiveCfg = Release|Any CPU
		{8C25431E-66AF-4B55-8169-D76461975667}.Ad-Hoc|Any CPU.Build.0 = Release|Any CPU
		{8C25431E-66AF-4B55-8169-D76461975667}.Ad-Hoc|iPhone.ActiveCfg = Release|Any CPU
		{8C25431E-66AF-4B55-8169-D76461975667}.Ad-Hoc|iPhone.Build.0 = Release|Any CPU
		{8C25431E-66AF-4B55-8169-D76461975667}.Ad-Hoc|iPhoneSimulator.ActiveCfg = Release|Any CPU
		{8C25431E-66AF-4B55-8169-D76461975667}.Ad-Hoc|iPhoneSimulator.Build.0 = Release|Any CPU
		{8C25431E-66AF-4B55-8169-D76461975667}.AppStore|Any CPU.ActiveCfg = Release|Any CPU
		{8C25431E-66AF-4B55-8169-D76461975667}.AppStore|Any CPU.Build.0 = Release|Any CPU
		{8C25431E-66AF-4B55-8169-D76461975667}.AppStore|iPhone.ActiveCfg = Release|Any CPU
		{8C25431E-66AF-4B55-8169-D76461975667}.AppStore|iPhone.Build.0 = Release|Any CPU
		{8C25431E-66AF-4B55-8169-D76461975667}.AppStore|iPhoneSimulator.ActiveCfg = Release|Any CPU
		{8C25431E-66AF-4B55-8169-D76461975667}.AppStore|iPhoneSimulator.Build.0 = Release|Any CPU
		{8C25431E-66AF-4B55-8169-D76461975667}.Debug|Any CPU.ActiveCfg = Debug|Any CPU
		{8C25431E-66AF-4B55-8169-D76461975667}.Debug|Any CPU.Build.0 = Debug|Any CPU
		{8C25431E-66AF-4B55-8169-D76461975667}.Debug|iPhone.ActiveCfg = Debug|Any CPU
		{8C25431E-66AF-4B55-8169-D76461975667}.Debug|iPhone.Build.0 = Debug|Any CPU
		{8C25431E-66AF-4B55-8169-D76461975667}.Debug|iPhoneSimulator.ActiveCfg = Debug|Any CPU
		{8C25431E-66AF-4B55-8169-D76461975667}.Debug|iPhoneSimulator.Build.0 = Debug|Any CPU
		{8C25431E-66AF-4B55-8169-D76461975667}.Gorilla|Any CPU.ActiveCfg = Gorilla|Any CPU
		{8C25431E-66AF-4B55-8169-D76461975667}.Gorilla|Any CPU.Build.0 = Gorilla|Any CPU
		{8C25431E-66AF-4B55-8169-D76461975667}.Release|Any CPU.ActiveCfg = Release|Any CPU
		{8C25431E-66AF-4B55-8169-D76461975667}.Release|Any CPU.Build.0 = Release|Any CPU
		{8C25431E-66AF-4B55-8169-D76461975667}.Release|iPhone.ActiveCfg = Release|Any CPU
		{8C25431E-66AF-4B55-8169-D76461975667}.Release|iPhone.Build.0 = Release|Any CPU
		{8C25431E-66AF-4B55-8169-D76461975667}.Release|iPhoneSimulator.ActiveCfg = Release|Any CPU
		{8C25431E-66AF-4B55-8169-D76461975667}.Release|iPhoneSimulator.Build.0 = Release|Any CPU
		{8C25431E-66AF-4B55-8169-D76461975667}.Gorilla|iPhoneSimulator.ActiveCfg = Gorilla|iPhoneSimulator
		{8C25431E-66AF-4B55-8169-D76461975667}.Gorilla|iPhoneSimulator.Build.0 = Gorilla|iPhoneSimulator
		{8BE173F7-BFA1-4D0F-8C0E-DE4416352709}.Ad-Hoc|Any CPU.ActiveCfg = Release|iPhone
		{8BE173F7-BFA1-4D0F-8C0E-DE4416352709}.Ad-Hoc|Any CPU.Build.0 = Release|iPhone
		{8BE173F7-BFA1-4D0F-8C0E-DE4416352709}.Ad-Hoc|iPhone.ActiveCfg = Release|iPhone
		{8BE173F7-BFA1-4D0F-8C0E-DE4416352709}.Ad-Hoc|iPhone.Build.0 = Release|iPhone
		{8BE173F7-BFA1-4D0F-8C0E-DE4416352709}.Ad-Hoc|iPhoneSimulator.ActiveCfg = Release|iPhoneSimulator
		{8BE173F7-BFA1-4D0F-8C0E-DE4416352709}.Ad-Hoc|iPhoneSimulator.Build.0 = Release|iPhoneSimulator
		{8BE173F7-BFA1-4D0F-8C0E-DE4416352709}.AppStore|Any CPU.ActiveCfg = Release|iPhone
		{8BE173F7-BFA1-4D0F-8C0E-DE4416352709}.AppStore|Any CPU.Build.0 = Release|iPhone
		{8BE173F7-BFA1-4D0F-8C0E-DE4416352709}.AppStore|iPhone.ActiveCfg = Release|iPhone
		{8BE173F7-BFA1-4D0F-8C0E-DE4416352709}.AppStore|iPhone.Build.0 = Release|iPhone
		{8BE173F7-BFA1-4D0F-8C0E-DE4416352709}.AppStore|iPhoneSimulator.ActiveCfg = Release|iPhoneSimulator
		{8BE173F7-BFA1-4D0F-8C0E-DE4416352709}.AppStore|iPhoneSimulator.Build.0 = Release|iPhoneSimulator
		{8BE173F7-BFA1-4D0F-8C0E-DE4416352709}.Debug|Any CPU.ActiveCfg = Debug|iPhone
		{8BE173F7-BFA1-4D0F-8C0E-DE4416352709}.Debug|Any CPU.Build.0 = Debug|iPhone
		{8BE173F7-BFA1-4D0F-8C0E-DE4416352709}.Debug|iPhone.ActiveCfg = Debug|iPhone
		{8BE173F7-BFA1-4D0F-8C0E-DE4416352709}.Debug|iPhone.Build.0 = Debug|iPhone
		{8BE173F7-BFA1-4D0F-8C0E-DE4416352709}.Debug|iPhoneSimulator.ActiveCfg = Debug|iPhoneSimulator
		{8BE173F7-BFA1-4D0F-8C0E-DE4416352709}.Debug|iPhoneSimulator.Build.0 = Debug|iPhoneSimulator
		{8BE173F7-BFA1-4D0F-8C0E-DE4416352709}.Gorilla|Any CPU.ActiveCfg = Gorilla|iPhone
		{8BE173F7-BFA1-4D0F-8C0E-DE4416352709}.Release|Any CPU.ActiveCfg = Release|iPhone
		{8BE173F7-BFA1-4D0F-8C0E-DE4416352709}.Release|iPhone.ActiveCfg = Release|iPhone
		{8BE173F7-BFA1-4D0F-8C0E-DE4416352709}.Release|iPhone.Build.0 = Release|iPhone
		{8BE173F7-BFA1-4D0F-8C0E-DE4416352709}.Release|iPhoneSimulator.ActiveCfg = Release|iPhoneSimulator
		{8BE173F7-BFA1-4D0F-8C0E-DE4416352709}.Release|iPhoneSimulator.Build.0 = Release|iPhoneSimulator
		{8BE173F7-BFA1-4D0F-8C0E-DE4416352709}.Gorilla|iPhoneSimulator.ActiveCfg = Gorilla|iPhoneSimulator
		{8BE173F7-BFA1-4D0F-8C0E-DE4416352709}.Gorilla|iPhoneSimulator.Build.0 = Gorilla|iPhoneSimulator
		{1EF28F5B-A94A-483E-A621-C79BDD191BD2}.Ad-Hoc|Any CPU.ActiveCfg = Debug|Any CPU
		{1EF28F5B-A94A-483E-A621-C79BDD191BD2}.Ad-Hoc|Any CPU.Build.0 = Debug|Any CPU
		{1EF28F5B-A94A-483E-A621-C79BDD191BD2}.Ad-Hoc|iPhone.ActiveCfg = Debug|Any CPU
		{1EF28F5B-A94A-483E-A621-C79BDD191BD2}.Ad-Hoc|iPhone.Build.0 = Debug|Any CPU
		{1EF28F5B-A94A-483E-A621-C79BDD191BD2}.Ad-Hoc|iPhoneSimulator.ActiveCfg = Debug|Any CPU
		{1EF28F5B-A94A-483E-A621-C79BDD191BD2}.Ad-Hoc|iPhoneSimulator.Build.0 = Debug|Any CPU
		{1EF28F5B-A94A-483E-A621-C79BDD191BD2}.AppStore|Any CPU.ActiveCfg = Debug|Any CPU
		{1EF28F5B-A94A-483E-A621-C79BDD191BD2}.AppStore|Any CPU.Build.0 = Debug|Any CPU
		{1EF28F5B-A94A-483E-A621-C79BDD191BD2}.AppStore|iPhone.ActiveCfg = Debug|Any CPU
		{1EF28F5B-A94A-483E-A621-C79BDD191BD2}.AppStore|iPhone.Build.0 = Debug|Any CPU
		{1EF28F5B-A94A-483E-A621-C79BDD191BD2}.AppStore|iPhoneSimulator.ActiveCfg = Debug|Any CPU
		{1EF28F5B-A94A-483E-A621-C79BDD191BD2}.AppStore|iPhoneSimulator.Build.0 = Debug|Any CPU
		{1EF28F5B-A94A-483E-A621-C79BDD191BD2}.Debug|Any CPU.ActiveCfg = Debug|Any CPU
		{1EF28F5B-A94A-483E-A621-C79BDD191BD2}.Debug|Any CPU.Build.0 = Debug|Any CPU
		{1EF28F5B-A94A-483E-A621-C79BDD191BD2}.Debug|iPhone.ActiveCfg = Debug|Any CPU
		{1EF28F5B-A94A-483E-A621-C79BDD191BD2}.Debug|iPhone.Build.0 = Debug|Any CPU
		{1EF28F5B-A94A-483E-A621-C79BDD191BD2}.Debug|iPhoneSimulator.ActiveCfg = Debug|Any CPU
		{1EF28F5B-A94A-483E-A621-C79BDD191BD2}.Debug|iPhoneSimulator.Build.0 = Debug|Any CPU
		{1EF28F5B-A94A-483E-A621-C79BDD191BD2}.Gorilla|Any CPU.ActiveCfg = Gorilla|Any CPU
		{1EF28F5B-A94A-483E-A621-C79BDD191BD2}.Gorilla|Any CPU.Build.0 = Gorilla|Any CPU
		{1EF28F5B-A94A-483E-A621-C79BDD191BD2}.Release|Any CPU.ActiveCfg = Release|Any CPU
		{1EF28F5B-A94A-483E-A621-C79BDD191BD2}.Release|Any CPU.Build.0 = Release|Any CPU
		{1EF28F5B-A94A-483E-A621-C79BDD191BD2}.Release|iPhone.ActiveCfg = Release|Any CPU
		{1EF28F5B-A94A-483E-A621-C79BDD191BD2}.Release|iPhone.Build.0 = Release|Any CPU
		{1EF28F5B-A94A-483E-A621-C79BDD191BD2}.Release|iPhoneSimulator.ActiveCfg = Release|Any CPU
		{1EF28F5B-A94A-483E-A621-C79BDD191BD2}.Release|iPhoneSimulator.Build.0 = Release|Any CPU
		{1EF28F5B-A94A-483E-A621-C79BDD191BD2}.Gorilla|iPhoneSimulator.ActiveCfg = Gorilla|iPhoneSimulator
		{1EF28F5B-A94A-483E-A621-C79BDD191BD2}.Gorilla|iPhoneSimulator.Build.0 = Gorilla|iPhoneSimulator
		{E10E47D5-60A0-4083-98A6-B6F58B1DDF28}.Ad-Hoc|Any CPU.ActiveCfg = Debug|Any CPU
		{E10E47D5-60A0-4083-98A6-B6F58B1DDF28}.Ad-Hoc|Any CPU.Build.0 = Debug|Any CPU
		{E10E47D5-60A0-4083-98A6-B6F58B1DDF28}.Ad-Hoc|iPhone.ActiveCfg = Debug|Any CPU
		{E10E47D5-60A0-4083-98A6-B6F58B1DDF28}.Ad-Hoc|iPhone.Build.0 = Debug|Any CPU
		{E10E47D5-60A0-4083-98A6-B6F58B1DDF28}.Ad-Hoc|iPhoneSimulator.ActiveCfg = Debug|Any CPU
		{E10E47D5-60A0-4083-98A6-B6F58B1DDF28}.Ad-Hoc|iPhoneSimulator.Build.0 = Debug|Any CPU
		{E10E47D5-60A0-4083-98A6-B6F58B1DDF28}.AppStore|Any CPU.ActiveCfg = Debug|Any CPU
		{E10E47D5-60A0-4083-98A6-B6F58B1DDF28}.AppStore|Any CPU.Build.0 = Debug|Any CPU
		{E10E47D5-60A0-4083-98A6-B6F58B1DDF28}.AppStore|iPhone.ActiveCfg = Debug|Any CPU
		{E10E47D5-60A0-4083-98A6-B6F58B1DDF28}.AppStore|iPhone.Build.0 = Debug|Any CPU
		{E10E47D5-60A0-4083-98A6-B6F58B1DDF28}.AppStore|iPhoneSimulator.ActiveCfg = Debug|Any CPU
		{E10E47D5-60A0-4083-98A6-B6F58B1DDF28}.AppStore|iPhoneSimulator.Build.0 = Debug|Any CPU
		{E10E47D5-60A0-4083-98A6-B6F58B1DDF28}.Debug|Any CPU.ActiveCfg = Debug|Any CPU
		{E10E47D5-60A0-4083-98A6-B6F58B1DDF28}.Debug|Any CPU.Build.0 = Debug|Any CPU
		{E10E47D5-60A0-4083-98A6-B6F58B1DDF28}.Debug|iPhone.ActiveCfg = Debug|Any CPU
		{E10E47D5-60A0-4083-98A6-B6F58B1DDF28}.Debug|iPhone.Build.0 = Debug|Any CPU
		{E10E47D5-60A0-4083-98A6-B6F58B1DDF28}.Debug|iPhoneSimulator.ActiveCfg = Debug|Any CPU
		{E10E47D5-60A0-4083-98A6-B6F58B1DDF28}.Debug|iPhoneSimulator.Build.0 = Debug|Any CPU
		{E10E47D5-60A0-4083-98A6-B6F58B1DDF28}.Gorilla|Any CPU.ActiveCfg = Gorilla|Any CPU
		{E10E47D5-60A0-4083-98A6-B6F58B1DDF28}.Gorilla|Any CPU.Build.0 = Gorilla|Any CPU
		{E10E47D5-60A0-4083-98A6-B6F58B1DDF28}.Release|Any CPU.ActiveCfg = Release|Any CPU
		{E10E47D5-60A0-4083-98A6-B6F58B1DDF28}.Release|Any CPU.Build.0 = Release|Any CPU
		{E10E47D5-60A0-4083-98A6-B6F58B1DDF28}.Release|iPhone.ActiveCfg = Release|Any CPU
		{E10E47D5-60A0-4083-98A6-B6F58B1DDF28}.Release|iPhone.Build.0 = Release|Any CPU
		{E10E47D5-60A0-4083-98A6-B6F58B1DDF28}.Release|iPhoneSimulator.ActiveCfg = Release|Any CPU
		{E10E47D5-60A0-4083-98A6-B6F58B1DDF28}.Release|iPhoneSimulator.Build.0 = Release|Any CPU
		{E10E47D5-60A0-4083-98A6-B6F58B1DDF28}.Gorilla|iPhoneSimulator.ActiveCfg = Gorilla|iPhoneSimulator
		{E10E47D5-60A0-4083-98A6-B6F58B1DDF28}.Gorilla|iPhoneSimulator.Build.0 = Gorilla|iPhoneSimulator
		{A49CDB37-CAB1-4246-8F79-0CC30356FC2C}.Ad-Hoc|Any CPU.ActiveCfg = Debug|Any CPU
		{A49CDB37-CAB1-4246-8F79-0CC30356FC2C}.Ad-Hoc|Any CPU.Build.0 = Debug|Any CPU
		{A49CDB37-CAB1-4246-8F79-0CC30356FC2C}.Ad-Hoc|iPhone.ActiveCfg = Debug|Any CPU
		{A49CDB37-CAB1-4246-8F79-0CC30356FC2C}.Ad-Hoc|iPhone.Build.0 = Debug|Any CPU
		{A49CDB37-CAB1-4246-8F79-0CC30356FC2C}.Ad-Hoc|iPhoneSimulator.ActiveCfg = Debug|Any CPU
		{A49CDB37-CAB1-4246-8F79-0CC30356FC2C}.Ad-Hoc|iPhoneSimulator.Build.0 = Debug|Any CPU
		{A49CDB37-CAB1-4246-8F79-0CC30356FC2C}.AppStore|Any CPU.ActiveCfg = Debug|Any CPU
		{A49CDB37-CAB1-4246-8F79-0CC30356FC2C}.AppStore|Any CPU.Build.0 = Debug|Any CPU
		{A49CDB37-CAB1-4246-8F79-0CC30356FC2C}.AppStore|iPhone.ActiveCfg = Debug|Any CPU
		{A49CDB37-CAB1-4246-8F79-0CC30356FC2C}.AppStore|iPhone.Build.0 = Debug|Any CPU
		{A49CDB37-CAB1-4246-8F79-0CC30356FC2C}.AppStore|iPhoneSimulator.ActiveCfg = Debug|Any CPU
		{A49CDB37-CAB1-4246-8F79-0CC30356FC2C}.AppStore|iPhoneSimulator.Build.0 = Debug|Any CPU
		{A49CDB37-CAB1-4246-8F79-0CC30356FC2C}.Debug|Any CPU.ActiveCfg = Debug|Any CPU
		{A49CDB37-CAB1-4246-8F79-0CC30356FC2C}.Debug|Any CPU.Build.0 = Debug|Any CPU
		{A49CDB37-CAB1-4246-8F79-0CC30356FC2C}.Debug|iPhone.ActiveCfg = Debug|Any CPU
		{A49CDB37-CAB1-4246-8F79-0CC30356FC2C}.Debug|iPhone.Build.0 = Debug|Any CPU
		{A49CDB37-CAB1-4246-8F79-0CC30356FC2C}.Debug|iPhoneSimulator.ActiveCfg = Debug|Any CPU
		{A49CDB37-CAB1-4246-8F79-0CC30356FC2C}.Debug|iPhoneSimulator.Build.0 = Debug|Any CPU
		{A49CDB37-CAB1-4246-8F79-0CC30356FC2C}.Gorilla|Any CPU.ActiveCfg = Gorilla|Any CPU
		{A49CDB37-CAB1-4246-8F79-0CC30356FC2C}.Gorilla|Any CPU.Build.0 = Gorilla|Any CPU
		{A49CDB37-CAB1-4246-8F79-0CC30356FC2C}.Release|Any CPU.ActiveCfg = Release|Any CPU
		{A49CDB37-CAB1-4246-8F79-0CC30356FC2C}.Release|Any CPU.Build.0 = Release|Any CPU
		{A49CDB37-CAB1-4246-8F79-0CC30356FC2C}.Release|iPhone.ActiveCfg = Release|Any CPU
		{A49CDB37-CAB1-4246-8F79-0CC30356FC2C}.Release|iPhone.Build.0 = Release|Any CPU
		{A49CDB37-CAB1-4246-8F79-0CC30356FC2C}.Release|iPhoneSimulator.ActiveCfg = Release|Any CPU
		{A49CDB37-CAB1-4246-8F79-0CC30356FC2C}.Release|iPhoneSimulator.Build.0 = Release|Any CPU
		{A49CDB37-CAB1-4246-8F79-0CC30356FC2C}.Gorilla|iPhoneSimulator.ActiveCfg = Gorilla|iPhoneSimulator
		{A49CDB37-CAB1-4246-8F79-0CC30356FC2C}.Gorilla|iPhoneSimulator.Build.0 = Gorilla|iPhoneSimulator
		{B98232F5-7B8D-4677-96D6-F8A3377A60C0}.Ad-Hoc|Any CPU.ActiveCfg = Debug|Any CPU
		{B98232F5-7B8D-4677-96D6-F8A3377A60C0}.Ad-Hoc|Any CPU.Build.0 = Debug|Any CPU
		{B98232F5-7B8D-4677-96D6-F8A3377A60C0}.Ad-Hoc|iPhone.ActiveCfg = Debug|Any CPU
		{B98232F5-7B8D-4677-96D6-F8A3377A60C0}.Ad-Hoc|iPhone.Build.0 = Debug|Any CPU
		{B98232F5-7B8D-4677-96D6-F8A3377A60C0}.Ad-Hoc|iPhoneSimulator.ActiveCfg = Debug|Any CPU
		{B98232F5-7B8D-4677-96D6-F8A3377A60C0}.Ad-Hoc|iPhoneSimulator.Build.0 = Debug|Any CPU
		{B98232F5-7B8D-4677-96D6-F8A3377A60C0}.AppStore|Any CPU.ActiveCfg = Debug|Any CPU
		{B98232F5-7B8D-4677-96D6-F8A3377A60C0}.AppStore|Any CPU.Build.0 = Debug|Any CPU
		{B98232F5-7B8D-4677-96D6-F8A3377A60C0}.AppStore|iPhone.ActiveCfg = Debug|Any CPU
		{B98232F5-7B8D-4677-96D6-F8A3377A60C0}.AppStore|iPhone.Build.0 = Debug|Any CPU
		{B98232F5-7B8D-4677-96D6-F8A3377A60C0}.AppStore|iPhoneSimulator.ActiveCfg = Debug|Any CPU
		{B98232F5-7B8D-4677-96D6-F8A3377A60C0}.AppStore|iPhoneSimulator.Build.0 = Debug|Any CPU
		{B98232F5-7B8D-4677-96D6-F8A3377A60C0}.Debug|Any CPU.ActiveCfg = Debug|Any CPU
		{B98232F5-7B8D-4677-96D6-F8A3377A60C0}.Debug|Any CPU.Build.0 = Debug|Any CPU
		{B98232F5-7B8D-4677-96D6-F8A3377A60C0}.Debug|iPhone.ActiveCfg = Debug|Any CPU
		{B98232F5-7B8D-4677-96D6-F8A3377A60C0}.Debug|iPhone.Build.0 = Debug|Any CPU
		{B98232F5-7B8D-4677-96D6-F8A3377A60C0}.Debug|iPhoneSimulator.ActiveCfg = Debug|Any CPU
		{B98232F5-7B8D-4677-96D6-F8A3377A60C0}.Debug|iPhoneSimulator.Build.0 = Debug|Any CPU
		{B98232F5-7B8D-4677-96D6-F8A3377A60C0}.Gorilla|Any CPU.ActiveCfg = Gorilla|Any CPU
		{B98232F5-7B8D-4677-96D6-F8A3377A60C0}.Gorilla|Any CPU.Build.0 = Gorilla|Any CPU
		{B98232F5-7B8D-4677-96D6-F8A3377A60C0}.Release|Any CPU.ActiveCfg = Release|Any CPU
		{B98232F5-7B8D-4677-96D6-F8A3377A60C0}.Release|Any CPU.Build.0 = Release|Any CPU
		{B98232F5-7B8D-4677-96D6-F8A3377A60C0}.Release|iPhone.ActiveCfg = Release|Any CPU
		{B98232F5-7B8D-4677-96D6-F8A3377A60C0}.Release|iPhone.Build.0 = Release|Any CPU
		{B98232F5-7B8D-4677-96D6-F8A3377A60C0}.Release|iPhoneSimulator.ActiveCfg = Release|Any CPU
		{B98232F5-7B8D-4677-96D6-F8A3377A60C0}.Release|iPhoneSimulator.Build.0 = Release|Any CPU
		{B98232F5-7B8D-4677-96D6-F8A3377A60C0}.Gorilla|iPhoneSimulator.ActiveCfg = Gorilla|iPhoneSimulator
		{B98232F5-7B8D-4677-96D6-F8A3377A60C0}.Gorilla|iPhoneSimulator.Build.0 = Gorilla|iPhoneSimulator
		{5BE5E4E0-2EA4-4C80-ACFF-BD674CF76F76}.Ad-Hoc|Any CPU.ActiveCfg = Debug|Any CPU
		{5BE5E4E0-2EA4-4C80-ACFF-BD674CF76F76}.Ad-Hoc|Any CPU.Build.0 = Debug|Any CPU
		{5BE5E4E0-2EA4-4C80-ACFF-BD674CF76F76}.Ad-Hoc|iPhone.ActiveCfg = Debug|Any CPU
		{5BE5E4E0-2EA4-4C80-ACFF-BD674CF76F76}.Ad-Hoc|iPhone.Build.0 = Debug|Any CPU
		{5BE5E4E0-2EA4-4C80-ACFF-BD674CF76F76}.Ad-Hoc|iPhoneSimulator.ActiveCfg = Debug|Any CPU
		{5BE5E4E0-2EA4-4C80-ACFF-BD674CF76F76}.Ad-Hoc|iPhoneSimulator.Build.0 = Debug|Any CPU
		{5BE5E4E0-2EA4-4C80-ACFF-BD674CF76F76}.AppStore|Any CPU.ActiveCfg = Debug|Any CPU
		{5BE5E4E0-2EA4-4C80-ACFF-BD674CF76F76}.AppStore|Any CPU.Build.0 = Debug|Any CPU
		{5BE5E4E0-2EA4-4C80-ACFF-BD674CF76F76}.AppStore|iPhone.ActiveCfg = Debug|Any CPU
		{5BE5E4E0-2EA4-4C80-ACFF-BD674CF76F76}.AppStore|iPhone.Build.0 = Debug|Any CPU
		{5BE5E4E0-2EA4-4C80-ACFF-BD674CF76F76}.AppStore|iPhoneSimulator.ActiveCfg = Debug|Any CPU
		{5BE5E4E0-2EA4-4C80-ACFF-BD674CF76F76}.AppStore|iPhoneSimulator.Build.0 = Debug|Any CPU
		{5BE5E4E0-2EA4-4C80-ACFF-BD674CF76F76}.Debug|Any CPU.ActiveCfg = Debug|Any CPU
		{5BE5E4E0-2EA4-4C80-ACFF-BD674CF76F76}.Debug|Any CPU.Build.0 = Debug|Any CPU
		{5BE5E4E0-2EA4-4C80-ACFF-BD674CF76F76}.Debug|iPhone.ActiveCfg = Debug|Any CPU
		{5BE5E4E0-2EA4-4C80-ACFF-BD674CF76F76}.Debug|iPhone.Build.0 = Debug|Any CPU
		{5BE5E4E0-2EA4-4C80-ACFF-BD674CF76F76}.Debug|iPhoneSimulator.ActiveCfg = Debug|Any CPU
		{5BE5E4E0-2EA4-4C80-ACFF-BD674CF76F76}.Debug|iPhoneSimulator.Build.0 = Debug|Any CPU
		{5BE5E4E0-2EA4-4C80-ACFF-BD674CF76F76}.Gorilla|Any CPU.ActiveCfg = Gorilla|Any CPU
		{5BE5E4E0-2EA4-4C80-ACFF-BD674CF76F76}.Gorilla|Any CPU.Build.0 = Gorilla|Any CPU
		{5BE5E4E0-2EA4-4C80-ACFF-BD674CF76F76}.Release|Any CPU.ActiveCfg = Release|Any CPU
		{5BE5E4E0-2EA4-4C80-ACFF-BD674CF76F76}.Release|Any CPU.Build.0 = Release|Any CPU
		{5BE5E4E0-2EA4-4C80-ACFF-BD674CF76F76}.Release|iPhone.ActiveCfg = Release|Any CPU
		{5BE5E4E0-2EA4-4C80-ACFF-BD674CF76F76}.Release|iPhone.Build.0 = Release|Any CPU
		{5BE5E4E0-2EA4-4C80-ACFF-BD674CF76F76}.Release|iPhoneSimulator.ActiveCfg = Release|Any CPU
		{5BE5E4E0-2EA4-4C80-ACFF-BD674CF76F76}.Release|iPhoneSimulator.Build.0 = Release|Any CPU
		{5BE5E4E0-2EA4-4C80-ACFF-BD674CF76F76}.Gorilla|iPhoneSimulator.ActiveCfg = Gorilla|iPhoneSimulator
		{5BE5E4E0-2EA4-4C80-ACFF-BD674CF76F76}.Gorilla|iPhoneSimulator.Build.0 = Gorilla|iPhoneSimulator
		{B95D5103-4FBC-4C12-9A22-863AC69509F9}.Ad-Hoc|Any CPU.ActiveCfg = Debug|Any CPU
		{B95D5103-4FBC-4C12-9A22-863AC69509F9}.Ad-Hoc|Any CPU.Build.0 = Debug|Any CPU
		{B95D5103-4FBC-4C12-9A22-863AC69509F9}.Ad-Hoc|iPhone.ActiveCfg = Debug|Any CPU
		{B95D5103-4FBC-4C12-9A22-863AC69509F9}.Ad-Hoc|iPhone.Build.0 = Debug|Any CPU
		{B95D5103-4FBC-4C12-9A22-863AC69509F9}.Ad-Hoc|iPhoneSimulator.ActiveCfg = Debug|Any CPU
		{B95D5103-4FBC-4C12-9A22-863AC69509F9}.Ad-Hoc|iPhoneSimulator.Build.0 = Debug|Any CPU
		{B95D5103-4FBC-4C12-9A22-863AC69509F9}.AppStore|Any CPU.ActiveCfg = Debug|Any CPU
		{B95D5103-4FBC-4C12-9A22-863AC69509F9}.AppStore|Any CPU.Build.0 = Debug|Any CPU
		{B95D5103-4FBC-4C12-9A22-863AC69509F9}.AppStore|iPhone.ActiveCfg = Debug|Any CPU
		{B95D5103-4FBC-4C12-9A22-863AC69509F9}.AppStore|iPhone.Build.0 = Debug|Any CPU
		{B95D5103-4FBC-4C12-9A22-863AC69509F9}.AppStore|iPhoneSimulator.ActiveCfg = Debug|Any CPU
		{B95D5103-4FBC-4C12-9A22-863AC69509F9}.AppStore|iPhoneSimulator.Build.0 = Debug|Any CPU
		{B95D5103-4FBC-4C12-9A22-863AC69509F9}.Debug|Any CPU.ActiveCfg = Debug|Any CPU
		{B95D5103-4FBC-4C12-9A22-863AC69509F9}.Debug|Any CPU.Build.0 = Debug|Any CPU
		{B95D5103-4FBC-4C12-9A22-863AC69509F9}.Debug|iPhone.ActiveCfg = Debug|Any CPU
		{B95D5103-4FBC-4C12-9A22-863AC69509F9}.Debug|iPhone.Build.0 = Debug|Any CPU
		{B95D5103-4FBC-4C12-9A22-863AC69509F9}.Debug|iPhoneSimulator.ActiveCfg = Debug|Any CPU
		{B95D5103-4FBC-4C12-9A22-863AC69509F9}.Debug|iPhoneSimulator.Build.0 = Debug|Any CPU
		{B95D5103-4FBC-4C12-9A22-863AC69509F9}.Gorilla|Any CPU.ActiveCfg = Debug|Any CPU
		{B95D5103-4FBC-4C12-9A22-863AC69509F9}.Gorilla|Any CPU.Build.0 = Debug|Any CPU
		{B95D5103-4FBC-4C12-9A22-863AC69509F9}.Release|Any CPU.ActiveCfg = Release|Any CPU
		{B95D5103-4FBC-4C12-9A22-863AC69509F9}.Release|Any CPU.Build.0 = Release|Any CPU
		{B95D5103-4FBC-4C12-9A22-863AC69509F9}.Release|iPhone.ActiveCfg = Release|Any CPU
		{B95D5103-4FBC-4C12-9A22-863AC69509F9}.Release|iPhone.Build.0 = Release|Any CPU
		{B95D5103-4FBC-4C12-9A22-863AC69509F9}.Release|iPhoneSimulator.ActiveCfg = Release|Any CPU
		{B95D5103-4FBC-4C12-9A22-863AC69509F9}.Release|iPhoneSimulator.Build.0 = Release|Any CPU
		{B95D5103-4FBC-4C12-9A22-863AC69509F9}.Gorilla|iPhoneSimulator.ActiveCfg = Gorilla|iPhoneSimulator
		{B95D5103-4FBC-4C12-9A22-863AC69509F9}.Gorilla|iPhoneSimulator.Build.0 = Gorilla|iPhoneSimulator
		{E837367A-4071-471A-8B38-AB1FD719EAB5}.Ad-Hoc|Any CPU.ActiveCfg = Debug|Any CPU
		{E837367A-4071-471A-8B38-AB1FD719EAB5}.Ad-Hoc|Any CPU.Build.0 = Debug|Any CPU
		{E837367A-4071-471A-8B38-AB1FD719EAB5}.Ad-Hoc|iPhone.ActiveCfg = Debug|Any CPU
		{E837367A-4071-471A-8B38-AB1FD719EAB5}.Ad-Hoc|iPhone.Build.0 = Debug|Any CPU
		{E837367A-4071-471A-8B38-AB1FD719EAB5}.Ad-Hoc|iPhoneSimulator.ActiveCfg = Debug|Any CPU
		{E837367A-4071-471A-8B38-AB1FD719EAB5}.Ad-Hoc|iPhoneSimulator.Build.0 = Debug|Any CPU
		{E837367A-4071-471A-8B38-AB1FD719EAB5}.AppStore|Any CPU.ActiveCfg = Debug|Any CPU
		{E837367A-4071-471A-8B38-AB1FD719EAB5}.AppStore|Any CPU.Build.0 = Debug|Any CPU
		{E837367A-4071-471A-8B38-AB1FD719EAB5}.AppStore|iPhone.ActiveCfg = Debug|Any CPU
		{E837367A-4071-471A-8B38-AB1FD719EAB5}.AppStore|iPhone.Build.0 = Debug|Any CPU
		{E837367A-4071-471A-8B38-AB1FD719EAB5}.AppStore|iPhoneSimulator.ActiveCfg = Debug|Any CPU
		{E837367A-4071-471A-8B38-AB1FD719EAB5}.AppStore|iPhoneSimulator.Build.0 = Debug|Any CPU
		{E837367A-4071-471A-8B38-AB1FD719EAB5}.Debug|Any CPU.ActiveCfg = Debug|Any CPU
		{E837367A-4071-471A-8B38-AB1FD719EAB5}.Debug|Any CPU.Build.0 = Debug|Any CPU
		{E837367A-4071-471A-8B38-AB1FD719EAB5}.Debug|iPhone.ActiveCfg = Debug|Any CPU
		{E837367A-4071-471A-8B38-AB1FD719EAB5}.Debug|iPhone.Build.0 = Debug|Any CPU
		{E837367A-4071-471A-8B38-AB1FD719EAB5}.Debug|iPhoneSimulator.ActiveCfg = Debug|Any CPU
		{E837367A-4071-471A-8B38-AB1FD719EAB5}.Debug|iPhoneSimulator.Build.0 = Debug|Any CPU
		{E837367A-4071-471A-8B38-AB1FD719EAB5}.Gorilla|Any CPU.ActiveCfg = Debug|Any CPU
		{E837367A-4071-471A-8B38-AB1FD719EAB5}.Gorilla|Any CPU.Build.0 = Debug|Any CPU
		{E837367A-4071-471A-8B38-AB1FD719EAB5}.Release|Any CPU.ActiveCfg = Release|Any CPU
		{E837367A-4071-471A-8B38-AB1FD719EAB5}.Release|Any CPU.Build.0 = Release|Any CPU
		{E837367A-4071-471A-8B38-AB1FD719EAB5}.Release|iPhone.ActiveCfg = Release|Any CPU
		{E837367A-4071-471A-8B38-AB1FD719EAB5}.Release|iPhone.Build.0 = Release|Any CPU
		{E837367A-4071-471A-8B38-AB1FD719EAB5}.Release|iPhoneSimulator.ActiveCfg = Release|Any CPU
		{E837367A-4071-471A-8B38-AB1FD719EAB5}.Release|iPhoneSimulator.Build.0 = Release|Any CPU
		{E837367A-4071-471A-8B38-AB1FD719EAB5}.Gorilla|iPhoneSimulator.ActiveCfg = Gorilla|iPhoneSimulator
		{E837367A-4071-471A-8B38-AB1FD719EAB5}.Gorilla|iPhoneSimulator.Build.0 = Gorilla|iPhoneSimulator
		{D26A61E8-EB4E-4C40-9523-9EA0091CE504}.Ad-Hoc|Any CPU.ActiveCfg = Debug|Any CPU
		{D26A61E8-EB4E-4C40-9523-9EA0091CE504}.Ad-Hoc|Any CPU.Build.0 = Debug|Any CPU
		{D26A61E8-EB4E-4C40-9523-9EA0091CE504}.Ad-Hoc|iPhone.ActiveCfg = Debug|Any CPU
		{D26A61E8-EB4E-4C40-9523-9EA0091CE504}.Ad-Hoc|iPhone.Build.0 = Debug|Any CPU
		{D26A61E8-EB4E-4C40-9523-9EA0091CE504}.Ad-Hoc|iPhoneSimulator.ActiveCfg = Debug|Any CPU
		{D26A61E8-EB4E-4C40-9523-9EA0091CE504}.Ad-Hoc|iPhoneSimulator.Build.0 = Debug|Any CPU
		{D26A61E8-EB4E-4C40-9523-9EA0091CE504}.AppStore|Any CPU.ActiveCfg = Debug|Any CPU
		{D26A61E8-EB4E-4C40-9523-9EA0091CE504}.AppStore|Any CPU.Build.0 = Debug|Any CPU
		{D26A61E8-EB4E-4C40-9523-9EA0091CE504}.AppStore|iPhone.ActiveCfg = Debug|Any CPU
		{D26A61E8-EB4E-4C40-9523-9EA0091CE504}.AppStore|iPhone.Build.0 = Debug|Any CPU
		{D26A61E8-EB4E-4C40-9523-9EA0091CE504}.AppStore|iPhoneSimulator.ActiveCfg = Debug|Any CPU
		{D26A61E8-EB4E-4C40-9523-9EA0091CE504}.AppStore|iPhoneSimulator.Build.0 = Debug|Any CPU
		{D26A61E8-EB4E-4C40-9523-9EA0091CE504}.Debug|Any CPU.ActiveCfg = Debug|Any CPU
		{D26A61E8-EB4E-4C40-9523-9EA0091CE504}.Debug|Any CPU.Build.0 = Debug|Any CPU
		{D26A61E8-EB4E-4C40-9523-9EA0091CE504}.Debug|iPhone.ActiveCfg = Debug|Any CPU
		{D26A61E8-EB4E-4C40-9523-9EA0091CE504}.Debug|iPhone.Build.0 = Debug|Any CPU
		{D26A61E8-EB4E-4C40-9523-9EA0091CE504}.Debug|iPhoneSimulator.ActiveCfg = Debug|Any CPU
		{D26A61E8-EB4E-4C40-9523-9EA0091CE504}.Debug|iPhoneSimulator.Build.0 = Debug|Any CPU
		{D26A61E8-EB4E-4C40-9523-9EA0091CE504}.Gorilla|Any CPU.ActiveCfg = Debug|Any CPU
		{D26A61E8-EB4E-4C40-9523-9EA0091CE504}.Gorilla|Any CPU.Build.0 = Debug|Any CPU
		{D26A61E8-EB4E-4C40-9523-9EA0091CE504}.Release|Any CPU.ActiveCfg = Release|Any CPU
		{D26A61E8-EB4E-4C40-9523-9EA0091CE504}.Release|Any CPU.Build.0 = Release|Any CPU
		{D26A61E8-EB4E-4C40-9523-9EA0091CE504}.Release|iPhone.ActiveCfg = Release|Any CPU
		{D26A61E8-EB4E-4C40-9523-9EA0091CE504}.Release|iPhone.Build.0 = Release|Any CPU
		{D26A61E8-EB4E-4C40-9523-9EA0091CE504}.Release|iPhoneSimulator.ActiveCfg = Release|Any CPU
		{D26A61E8-EB4E-4C40-9523-9EA0091CE504}.Release|iPhoneSimulator.Build.0 = Release|Any CPU
		{D26A61E8-EB4E-4C40-9523-9EA0091CE504}.Gorilla|iPhoneSimulator.ActiveCfg = Gorilla|iPhoneSimulator
		{D26A61E8-EB4E-4C40-9523-9EA0091CE504}.Gorilla|iPhoneSimulator.Build.0 = Gorilla|iPhoneSimulator
		{79102C0B-69FB-4452-9BE8-D824FC1D67BE}.Ad-Hoc|Any CPU.ActiveCfg = Debug|Any CPU
		{79102C0B-69FB-4452-9BE8-D824FC1D67BE}.Ad-Hoc|Any CPU.Build.0 = Debug|Any CPU
		{79102C0B-69FB-4452-9BE8-D824FC1D67BE}.Ad-Hoc|iPhone.ActiveCfg = Debug|Any CPU
		{79102C0B-69FB-4452-9BE8-D824FC1D67BE}.Ad-Hoc|iPhone.Build.0 = Debug|Any CPU
		{79102C0B-69FB-4452-9BE8-D824FC1D67BE}.Ad-Hoc|iPhoneSimulator.ActiveCfg = Debug|Any CPU
		{79102C0B-69FB-4452-9BE8-D824FC1D67BE}.Ad-Hoc|iPhoneSimulator.Build.0 = Debug|Any CPU
		{79102C0B-69FB-4452-9BE8-D824FC1D67BE}.AppStore|Any CPU.ActiveCfg = Debug|Any CPU
		{79102C0B-69FB-4452-9BE8-D824FC1D67BE}.AppStore|Any CPU.Build.0 = Debug|Any CPU
		{79102C0B-69FB-4452-9BE8-D824FC1D67BE}.AppStore|iPhone.ActiveCfg = Debug|Any CPU
		{79102C0B-69FB-4452-9BE8-D824FC1D67BE}.AppStore|iPhone.Build.0 = Debug|Any CPU
		{79102C0B-69FB-4452-9BE8-D824FC1D67BE}.AppStore|iPhoneSimulator.ActiveCfg = Debug|Any CPU
		{79102C0B-69FB-4452-9BE8-D824FC1D67BE}.AppStore|iPhoneSimulator.Build.0 = Debug|Any CPU
		{79102C0B-69FB-4452-9BE8-D824FC1D67BE}.Debug|Any CPU.ActiveCfg = Debug|Any CPU
		{79102C0B-69FB-4452-9BE8-D824FC1D67BE}.Debug|Any CPU.Build.0 = Debug|Any CPU
		{79102C0B-69FB-4452-9BE8-D824FC1D67BE}.Debug|iPhone.ActiveCfg = Debug|Any CPU
		{79102C0B-69FB-4452-9BE8-D824FC1D67BE}.Debug|iPhone.Build.0 = Debug|Any CPU
		{79102C0B-69FB-4452-9BE8-D824FC1D67BE}.Debug|iPhoneSimulator.ActiveCfg = Debug|Any CPU
		{79102C0B-69FB-4452-9BE8-D824FC1D67BE}.Debug|iPhoneSimulator.Build.0 = Debug|Any CPU
		{79102C0B-69FB-4452-9BE8-D824FC1D67BE}.Gorilla|Any CPU.ActiveCfg = Debug|Any CPU
		{79102C0B-69FB-4452-9BE8-D824FC1D67BE}.Gorilla|Any CPU.Build.0 = Debug|Any CPU
		{79102C0B-69FB-4452-9BE8-D824FC1D67BE}.Release|Any CPU.ActiveCfg = Release|Any CPU
		{79102C0B-69FB-4452-9BE8-D824FC1D67BE}.Release|Any CPU.Build.0 = Release|Any CPU
		{79102C0B-69FB-4452-9BE8-D824FC1D67BE}.Release|iPhone.ActiveCfg = Release|Any CPU
		{79102C0B-69FB-4452-9BE8-D824FC1D67BE}.Release|iPhone.Build.0 = Release|Any CPU
		{79102C0B-69FB-4452-9BE8-D824FC1D67BE}.Release|iPhoneSimulator.ActiveCfg = Release|Any CPU
		{79102C0B-69FB-4452-9BE8-D824FC1D67BE}.Release|iPhoneSimulator.Build.0 = Release|Any CPU
		{79102C0B-69FB-4452-9BE8-D824FC1D67BE}.Gorilla|iPhoneSimulator.ActiveCfg = Gorilla|iPhoneSimulator
		{79102C0B-69FB-4452-9BE8-D824FC1D67BE}.Gorilla|iPhoneSimulator.Build.0 = Gorilla|iPhoneSimulator
	EndGlobalSection
	GlobalSection(SolutionProperties) = preSolution
		HideSolutionNode = FALSE
	EndGlobalSection
	GlobalSection(ExtensibilityGlobals) = postSolution
		SolutionGuid = {0F5AAEE4-DC17-498E-A80C-28EAC7CD1F53}
	EndGlobalSection
	GlobalSection(MonoDevelopProperties) = preSolution
		Policies = $0
		$0.DotNetNamingPolicy = $1
		$1.DirectoryNamespaceAssociation = PrefixedHierarchical
	EndGlobalSection
EndGlobal
